// !$*UTF8*$!
{
	archiveVersion = 1;
	classes = {
	};
	objectVersion = 50;
	objects = {

/* Begin PBXBuildFile section */
		CB487A6326D7B109004F6B87 /* BugsnagRequestMonitor.framework in Frameworks */ = {isa = PBXBuildFile; fileRef = CB487A5926D7B109004F6B87 /* BugsnagRequestMonitor.framework */; };
		CB487A7526D7B12F004F6B87 /* Bugsnag.framework in Frameworks */ = {isa = PBXBuildFile; fileRef = CB487A7426D7B12F004F6B87 /* Bugsnag.framework */; };
		CB487A8626D7B144004F6B87 /* BugsnagRequestMonitor.framework in Frameworks */ = {isa = PBXBuildFile; fileRef = CB487A7D26D7B144004F6B87 /* BugsnagRequestMonitor.framework */; };
		CB487A9526D7B166004F6B87 /* Bugsnag.framework in Frameworks */ = {isa = PBXBuildFile; fileRef = CB487A9426D7B166004F6B87 /* Bugsnag.framework */; };
		CB487AA626D7B172004F6B87 /* BugsnagRequestMonitor.framework in Frameworks */ = {isa = PBXBuildFile; fileRef = CB487A9D26D7B172004F6B87 /* BugsnagRequestMonitor.framework */; };
		CB487AB526D7B191004F6B87 /* Bugsnag.framework in Frameworks */ = {isa = PBXBuildFile; fileRef = CB487AB426D7B191004F6B87 /* Bugsnag.framework */; };
		CB487ABF26D7B295004F6B87 /* BugsnagRequestMonitor.m in Sources */ = {isa = PBXBuildFile; fileRef = CB487ABE26D7B295004F6B87 /* BugsnagRequestMonitor.m */; };
		CB487AC026D7B295004F6B87 /* BugsnagRequestMonitor.m in Sources */ = {isa = PBXBuildFile; fileRef = CB487ABE26D7B295004F6B87 /* BugsnagRequestMonitor.m */; };
		CB487AC126D7B295004F6B87 /* BugsnagRequestMonitor.m in Sources */ = {isa = PBXBuildFile; fileRef = CB487ABE26D7B295004F6B87 /* BugsnagRequestMonitor.m */; };
		CB487AC226D7B9DB004F6B87 /* BugsnagRequestMonitorTests.m in Sources */ = {isa = PBXBuildFile; fileRef = CB487A6726D7B109004F6B87 /* BugsnagRequestMonitorTests.m */; };
		CB487AC326D7B9DC004F6B87 /* BugsnagRequestMonitorTests.m in Sources */ = {isa = PBXBuildFile; fileRef = CB487A6726D7B109004F6B87 /* BugsnagRequestMonitorTests.m */; };
		CB487AC426D7B9DD004F6B87 /* BugsnagRequestMonitorTests.m in Sources */ = {isa = PBXBuildFile; fileRef = CB487A6726D7B109004F6B87 /* BugsnagRequestMonitorTests.m */; };
		CB487C3026DE3EFB004F6B87 /* BugsnagRequestMonitor.h in Headers */ = {isa = PBXBuildFile; fileRef = CB487C2F26DE3EFB004F6B87 /* BugsnagRequestMonitor.h */; settings = {ATTRIBUTES = (Public, ); }; };
		CB487C3126DE3EFB004F6B87 /* BugsnagRequestMonitor.h in Headers */ = {isa = PBXBuildFile; fileRef = CB487C2F26DE3EFB004F6B87 /* BugsnagRequestMonitor.h */; settings = {ATTRIBUTES = (Public, ); }; };
		CB487C3226DE3EFB004F6B87 /* BugsnagRequestMonitor.h in Headers */ = {isa = PBXBuildFile; fileRef = CB487C2F26DE3EFB004F6B87 /* BugsnagRequestMonitor.h */; settings = {ATTRIBUTES = (Public, ); }; };
		CB487E9126E11922004F6B87 /* BSGULObjectSwizzler+Internal.h in Headers */ = {isa = PBXBuildFile; fileRef = CB487E6926E11922004F6B87 /* BSGULObjectSwizzler+Internal.h */; };
		CB487E9226E11922004F6B87 /* BSGULObjectSwizzler+Internal.h in Headers */ = {isa = PBXBuildFile; fileRef = CB487E6926E11922004F6B87 /* BSGULObjectSwizzler+Internal.h */; };
		CB487E9326E11922004F6B87 /* BSGULObjectSwizzler+Internal.h in Headers */ = {isa = PBXBuildFile; fileRef = CB487E6926E11922004F6B87 /* BSGULObjectSwizzler+Internal.h */; };
		CB487E9426E11922004F6B87 /* BSGULSwizzledObject.h in Headers */ = {isa = PBXBuildFile; fileRef = CB487E6A26E11922004F6B87 /* BSGULSwizzledObject.h */; };
		CB487E9526E11922004F6B87 /* BSGULSwizzledObject.h in Headers */ = {isa = PBXBuildFile; fileRef = CB487E6A26E11922004F6B87 /* BSGULSwizzledObject.h */; };
		CB487E9626E11922004F6B87 /* BSGULSwizzledObject.h in Headers */ = {isa = PBXBuildFile; fileRef = CB487E6A26E11922004F6B87 /* BSGULSwizzledObject.h */; };
		CB487E9726E11922004F6B87 /* BSGULSwizzler.m in Sources */ = {isa = PBXBuildFile; fileRef = CB487E6B26E11922004F6B87 /* BSGULSwizzler.m */; };
		CB487E9826E11922004F6B87 /* BSGULSwizzler.m in Sources */ = {isa = PBXBuildFile; fileRef = CB487E6B26E11922004F6B87 /* BSGULSwizzler.m */; };
		CB487E9926E11922004F6B87 /* BSGULSwizzler.m in Sources */ = {isa = PBXBuildFile; fileRef = CB487E6B26E11922004F6B87 /* BSGULSwizzler.m */; };
		CB487E9A26E11922004F6B87 /* BSGULObjectSwizzler.h in Headers */ = {isa = PBXBuildFile; fileRef = CB487E6C26E11922004F6B87 /* BSGULObjectSwizzler.h */; };
		CB487E9B26E11922004F6B87 /* BSGULObjectSwizzler.h in Headers */ = {isa = PBXBuildFile; fileRef = CB487E6C26E11922004F6B87 /* BSGULObjectSwizzler.h */; };
		CB487E9C26E11922004F6B87 /* BSGULObjectSwizzler.h in Headers */ = {isa = PBXBuildFile; fileRef = CB487E6C26E11922004F6B87 /* BSGULObjectSwizzler.h */; };
		CB487E9D26E11922004F6B87 /* BSGULOriginalIMPConvenienceMacros.h in Headers */ = {isa = PBXBuildFile; fileRef = CB487E6D26E11922004F6B87 /* BSGULOriginalIMPConvenienceMacros.h */; };
		CB487E9E26E11922004F6B87 /* BSGULOriginalIMPConvenienceMacros.h in Headers */ = {isa = PBXBuildFile; fileRef = CB487E6D26E11922004F6B87 /* BSGULOriginalIMPConvenienceMacros.h */; };
		CB487E9F26E11922004F6B87 /* BSGULOriginalIMPConvenienceMacros.h in Headers */ = {isa = PBXBuildFile; fileRef = CB487E6D26E11922004F6B87 /* BSGULOriginalIMPConvenienceMacros.h */; };
		CB487EA026E11922004F6B87 /* BSGULSwizzledObject.m in Sources */ = {isa = PBXBuildFile; fileRef = CB487E6E26E11922004F6B87 /* BSGULSwizzledObject.m */; };
		CB487EA126E11922004F6B87 /* BSGULSwizzledObject.m in Sources */ = {isa = PBXBuildFile; fileRef = CB487E6E26E11922004F6B87 /* BSGULSwizzledObject.m */; };
		CB487EA226E11922004F6B87 /* BSGULSwizzledObject.m in Sources */ = {isa = PBXBuildFile; fileRef = CB487E6E26E11922004F6B87 /* BSGULSwizzledObject.m */; };
		CB487EA326E11922004F6B87 /* BSGULSwizzler.h in Headers */ = {isa = PBXBuildFile; fileRef = CB487E6F26E11922004F6B87 /* BSGULSwizzler.h */; };
		CB487EA426E11922004F6B87 /* BSGULSwizzler.h in Headers */ = {isa = PBXBuildFile; fileRef = CB487E6F26E11922004F6B87 /* BSGULSwizzler.h */; };
		CB487EA526E11922004F6B87 /* BSGULSwizzler.h in Headers */ = {isa = PBXBuildFile; fileRef = CB487E6F26E11922004F6B87 /* BSGULSwizzler.h */; };
		CB487EA626E11922004F6B87 /* BSGULObjectSwizzler.m in Sources */ = {isa = PBXBuildFile; fileRef = CB487E7026E11922004F6B87 /* BSGULObjectSwizzler.m */; };
		CB487EA726E11922004F6B87 /* BSGULObjectSwizzler.m in Sources */ = {isa = PBXBuildFile; fileRef = CB487E7026E11922004F6B87 /* BSGULObjectSwizzler.m */; };
		CB487EA826E11922004F6B87 /* BSGULObjectSwizzler.m in Sources */ = {isa = PBXBuildFile; fileRef = CB487E7026E11922004F6B87 /* BSGULObjectSwizzler.m */; };
		CB487EA926E11922004F6B87 /* BSFPRConsoleLogger.h in Headers */ = {isa = PBXBuildFile; fileRef = CB487E7226E11922004F6B87 /* BSFPRConsoleLogger.h */; };
		CB487EAA26E11922004F6B87 /* BSFPRConsoleLogger.h in Headers */ = {isa = PBXBuildFile; fileRef = CB487E7226E11922004F6B87 /* BSFPRConsoleLogger.h */; };
		CB487EAB26E11922004F6B87 /* BSFPRConsoleLogger.h in Headers */ = {isa = PBXBuildFile; fileRef = CB487E7226E11922004F6B87 /* BSFPRConsoleLogger.h */; };
		CB487EAC26E11922004F6B87 /* BSFPRInstrument.h in Headers */ = {isa = PBXBuildFile; fileRef = CB487E7326E11922004F6B87 /* BSFPRInstrument.h */; };
		CB487EAD26E11922004F6B87 /* BSFPRInstrument.h in Headers */ = {isa = PBXBuildFile; fileRef = CB487E7326E11922004F6B87 /* BSFPRInstrument.h */; };
		CB487EAE26E11922004F6B87 /* BSFPRInstrument.h in Headers */ = {isa = PBXBuildFile; fileRef = CB487E7326E11922004F6B87 /* BSFPRInstrument.h */; };
		CB487EAF26E11922004F6B87 /* BSFPRClassInstrumentor_Private.h in Headers */ = {isa = PBXBuildFile; fileRef = CB487E7426E11922004F6B87 /* BSFPRClassInstrumentor_Private.h */; };
		CB487EB026E11922004F6B87 /* BSFPRClassInstrumentor_Private.h in Headers */ = {isa = PBXBuildFile; fileRef = CB487E7426E11922004F6B87 /* BSFPRClassInstrumentor_Private.h */; };
		CB487EB126E11922004F6B87 /* BSFPRClassInstrumentor_Private.h in Headers */ = {isa = PBXBuildFile; fileRef = CB487E7426E11922004F6B87 /* BSFPRClassInstrumentor_Private.h */; };
		CB487EB226E11922004F6B87 /* BSFPRTraceBackgroundActivityTracker.m in Sources */ = {isa = PBXBuildFile; fileRef = CB487E7526E11922004F6B87 /* BSFPRTraceBackgroundActivityTracker.m */; };
		CB487EB326E11922004F6B87 /* BSFPRTraceBackgroundActivityTracker.m in Sources */ = {isa = PBXBuildFile; fileRef = CB487E7526E11922004F6B87 /* BSFPRTraceBackgroundActivityTracker.m */; };
		CB487EB426E11922004F6B87 /* BSFPRTraceBackgroundActivityTracker.m in Sources */ = {isa = PBXBuildFile; fileRef = CB487E7526E11922004F6B87 /* BSFPRTraceBackgroundActivityTracker.m */; };
		CB487EB526E11922004F6B87 /* BSFPRProxyObjectHelper.m in Sources */ = {isa = PBXBuildFile; fileRef = CB487E7626E11922004F6B87 /* BSFPRProxyObjectHelper.m */; };
		CB487EB626E11922004F6B87 /* BSFPRProxyObjectHelper.m in Sources */ = {isa = PBXBuildFile; fileRef = CB487E7626E11922004F6B87 /* BSFPRProxyObjectHelper.m */; };
		CB487EB726E11922004F6B87 /* BSFPRProxyObjectHelper.m in Sources */ = {isa = PBXBuildFile; fileRef = CB487E7626E11922004F6B87 /* BSFPRProxyObjectHelper.m */; };
		CB487EB826E11922004F6B87 /* BSFPRClassInstrumentor.h in Headers */ = {isa = PBXBuildFile; fileRef = CB487E7726E11922004F6B87 /* BSFPRClassInstrumentor.h */; };
		CB487EB926E11922004F6B87 /* BSFPRClassInstrumentor.h in Headers */ = {isa = PBXBuildFile; fileRef = CB487E7726E11922004F6B87 /* BSFPRClassInstrumentor.h */; };
		CB487EBA26E11922004F6B87 /* BSFPRClassInstrumentor.h in Headers */ = {isa = PBXBuildFile; fileRef = CB487E7726E11922004F6B87 /* BSFPRClassInstrumentor.h */; };
		CB487EBB26E11922004F6B87 /* BSFPRNSURLSessionInstrument.m in Sources */ = {isa = PBXBuildFile; fileRef = CB487E7926E11922004F6B87 /* BSFPRNSURLSessionInstrument.m */; };
		CB487EBC26E11922004F6B87 /* BSFPRNSURLSessionInstrument.m in Sources */ = {isa = PBXBuildFile; fileRef = CB487E7926E11922004F6B87 /* BSFPRNSURLSessionInstrument.m */; };
		CB487EBD26E11922004F6B87 /* BSFPRNSURLSessionInstrument.m in Sources */ = {isa = PBXBuildFile; fileRef = CB487E7926E11922004F6B87 /* BSFPRNSURLSessionInstrument.m */; };
		CB487EBE26E11922004F6B87 /* BSFPRNetworkTrace.m in Sources */ = {isa = PBXBuildFile; fileRef = CB487E7A26E11922004F6B87 /* BSFPRNetworkTrace.m */; };
		CB487EBF26E11922004F6B87 /* BSFPRNetworkTrace.m in Sources */ = {isa = PBXBuildFile; fileRef = CB487E7A26E11922004F6B87 /* BSFPRNetworkTrace.m */; };
		CB487EC026E11922004F6B87 /* BSFPRNetworkTrace.m in Sources */ = {isa = PBXBuildFile; fileRef = CB487E7A26E11922004F6B87 /* BSFPRNetworkTrace.m */; };
		CB487EC126E11922004F6B87 /* BSFPRNetworkInstrumentHelpers.m in Sources */ = {isa = PBXBuildFile; fileRef = CB487E7B26E11922004F6B87 /* BSFPRNetworkInstrumentHelpers.m */; };
		CB487EC226E11922004F6B87 /* BSFPRNetworkInstrumentHelpers.m in Sources */ = {isa = PBXBuildFile; fileRef = CB487E7B26E11922004F6B87 /* BSFPRNetworkInstrumentHelpers.m */; };
		CB487EC326E11922004F6B87 /* BSFPRNetworkInstrumentHelpers.m in Sources */ = {isa = PBXBuildFile; fileRef = CB487E7B26E11922004F6B87 /* BSFPRNetworkInstrumentHelpers.m */; };
		CB487EC426E11922004F6B87 /* BSFPRNSURLSessionInstrument.h in Headers */ = {isa = PBXBuildFile; fileRef = CB487E7C26E11922004F6B87 /* BSFPRNSURLSessionInstrument.h */; };
		CB487EC526E11922004F6B87 /* BSFPRNSURLSessionInstrument.h in Headers */ = {isa = PBXBuildFile; fileRef = CB487E7C26E11922004F6B87 /* BSFPRNSURLSessionInstrument.h */; };
		CB487EC626E11922004F6B87 /* BSFPRNSURLSessionInstrument.h in Headers */ = {isa = PBXBuildFile; fileRef = CB487E7C26E11922004F6B87 /* BSFPRNSURLSessionInstrument.h */; };
		CB487EC726E11922004F6B87 /* BSFPRNSURLSessionDelegate.h in Headers */ = {isa = PBXBuildFile; fileRef = CB487E7E26E11922004F6B87 /* BSFPRNSURLSessionDelegate.h */; };
		CB487EC826E11922004F6B87 /* BSFPRNSURLSessionDelegate.h in Headers */ = {isa = PBXBuildFile; fileRef = CB487E7E26E11922004F6B87 /* BSFPRNSURLSessionDelegate.h */; };
		CB487EC926E11922004F6B87 /* BSFPRNSURLSessionDelegate.h in Headers */ = {isa = PBXBuildFile; fileRef = CB487E7E26E11922004F6B87 /* BSFPRNSURLSessionDelegate.h */; };
		CB487ECA26E11922004F6B87 /* BSFPRNSURLSessionDelegateInstrument.m in Sources */ = {isa = PBXBuildFile; fileRef = CB487E7F26E11922004F6B87 /* BSFPRNSURLSessionDelegateInstrument.m */; };
		CB487ECB26E11922004F6B87 /* BSFPRNSURLSessionDelegateInstrument.m in Sources */ = {isa = PBXBuildFile; fileRef = CB487E7F26E11922004F6B87 /* BSFPRNSURLSessionDelegateInstrument.m */; };
		CB487ECC26E11922004F6B87 /* BSFPRNSURLSessionDelegateInstrument.m in Sources */ = {isa = PBXBuildFile; fileRef = CB487E7F26E11922004F6B87 /* BSFPRNSURLSessionDelegateInstrument.m */; };
		CB487ECD26E11922004F6B87 /* BSFPRNSURLSessionDelegate.m in Sources */ = {isa = PBXBuildFile; fileRef = CB487E8026E11922004F6B87 /* BSFPRNSURLSessionDelegate.m */; };
		CB487ECE26E11922004F6B87 /* BSFPRNSURLSessionDelegate.m in Sources */ = {isa = PBXBuildFile; fileRef = CB487E8026E11922004F6B87 /* BSFPRNSURLSessionDelegate.m */; };
		CB487ECF26E11922004F6B87 /* BSFPRNSURLSessionDelegate.m in Sources */ = {isa = PBXBuildFile; fileRef = CB487E8026E11922004F6B87 /* BSFPRNSURLSessionDelegate.m */; };
		CB487ED026E11922004F6B87 /* BSFPRNSURLSessionDelegateInstrument.h in Headers */ = {isa = PBXBuildFile; fileRef = CB487E8126E11922004F6B87 /* BSFPRNSURLSessionDelegateInstrument.h */; };
		CB487ED126E11922004F6B87 /* BSFPRNSURLSessionDelegateInstrument.h in Headers */ = {isa = PBXBuildFile; fileRef = CB487E8126E11922004F6B87 /* BSFPRNSURLSessionDelegateInstrument.h */; };
		CB487ED226E11922004F6B87 /* BSFPRNSURLSessionDelegateInstrument.h in Headers */ = {isa = PBXBuildFile; fileRef = CB487E8126E11922004F6B87 /* BSFPRNSURLSessionDelegateInstrument.h */; };
		CB487ED326E11922004F6B87 /* BSFPRNetworkTrace.h in Headers */ = {isa = PBXBuildFile; fileRef = CB487E8226E11922004F6B87 /* BSFPRNetworkTrace.h */; };
		CB487ED426E11922004F6B87 /* BSFPRNetworkTrace.h in Headers */ = {isa = PBXBuildFile; fileRef = CB487E8226E11922004F6B87 /* BSFPRNetworkTrace.h */; };
		CB487ED526E11922004F6B87 /* BSFPRNetworkTrace.h in Headers */ = {isa = PBXBuildFile; fileRef = CB487E8226E11922004F6B87 /* BSFPRNetworkTrace.h */; };
		CB487ED626E11922004F6B87 /* BSFPRNetworkInstrumentHelpers.h in Headers */ = {isa = PBXBuildFile; fileRef = CB487E8326E11922004F6B87 /* BSFPRNetworkInstrumentHelpers.h */; };
		CB487ED726E11922004F6B87 /* BSFPRNetworkInstrumentHelpers.h in Headers */ = {isa = PBXBuildFile; fileRef = CB487E8326E11922004F6B87 /* BSFPRNetworkInstrumentHelpers.h */; };
		CB487ED826E11922004F6B87 /* BSFPRNetworkInstrumentHelpers.h in Headers */ = {isa = PBXBuildFile; fileRef = CB487E8326E11922004F6B87 /* BSFPRNetworkInstrumentHelpers.h */; };
		CB487ED926E11922004F6B87 /* BSFPRNSURLSessionInstrument_Private.h in Headers */ = {isa = PBXBuildFile; fileRef = CB487E8426E11922004F6B87 /* BSFPRNSURLSessionInstrument_Private.h */; };
		CB487EDA26E11922004F6B87 /* BSFPRNSURLSessionInstrument_Private.h in Headers */ = {isa = PBXBuildFile; fileRef = CB487E8426E11922004F6B87 /* BSFPRNSURLSessionInstrument_Private.h */; };
		CB487EDB26E11922004F6B87 /* BSFPRNSURLSessionInstrument_Private.h in Headers */ = {isa = PBXBuildFile; fileRef = CB487E8426E11922004F6B87 /* BSFPRNSURLSessionInstrument_Private.h */; };
		CB487EDC26E11922004F6B87 /* BSFPRDataUtils.m in Sources */ = {isa = PBXBuildFile; fileRef = CB487E8526E11922004F6B87 /* BSFPRDataUtils.m */; };
		CB487EDD26E11922004F6B87 /* BSFPRDataUtils.m in Sources */ = {isa = PBXBuildFile; fileRef = CB487E8526E11922004F6B87 /* BSFPRDataUtils.m */; };
		CB487EDE26E11922004F6B87 /* BSFPRDataUtils.m in Sources */ = {isa = PBXBuildFile; fileRef = CB487E8526E11922004F6B87 /* BSFPRDataUtils.m */; };
		CB487EDF26E11922004F6B87 /* BSFPRSelectorInstrumentor.h in Headers */ = {isa = PBXBuildFile; fileRef = CB487E8626E11922004F6B87 /* BSFPRSelectorInstrumentor.h */; };
		CB487EE026E11922004F6B87 /* BSFPRSelectorInstrumentor.h in Headers */ = {isa = PBXBuildFile; fileRef = CB487E8626E11922004F6B87 /* BSFPRSelectorInstrumentor.h */; };
		CB487EE126E11922004F6B87 /* BSFPRSelectorInstrumentor.h in Headers */ = {isa = PBXBuildFile; fileRef = CB487E8626E11922004F6B87 /* BSFPRSelectorInstrumentor.h */; };
		CB487EE226E11922004F6B87 /* BSFPRObjectInstrumentor.h in Headers */ = {isa = PBXBuildFile; fileRef = CB487E8726E11922004F6B87 /* BSFPRObjectInstrumentor.h */; };
		CB487EE326E11922004F6B87 /* BSFPRObjectInstrumentor.h in Headers */ = {isa = PBXBuildFile; fileRef = CB487E8726E11922004F6B87 /* BSFPRObjectInstrumentor.h */; };
		CB487EE426E11922004F6B87 /* BSFPRObjectInstrumentor.h in Headers */ = {isa = PBXBuildFile; fileRef = CB487E8726E11922004F6B87 /* BSFPRObjectInstrumentor.h */; };
		CB487EE526E11922004F6B87 /* BSFPRInstrument.m in Sources */ = {isa = PBXBuildFile; fileRef = CB487E8826E11922004F6B87 /* BSFPRInstrument.m */; };
		CB487EE626E11922004F6B87 /* BSFPRInstrument.m in Sources */ = {isa = PBXBuildFile; fileRef = CB487E8826E11922004F6B87 /* BSFPRInstrument.m */; };
		CB487EE726E11922004F6B87 /* BSFPRInstrument.m in Sources */ = {isa = PBXBuildFile; fileRef = CB487E8826E11922004F6B87 /* BSFPRInstrument.m */; };
		CB487EE826E11922004F6B87 /* BSFPRConsoleLogger.m in Sources */ = {isa = PBXBuildFile; fileRef = CB487E8926E11922004F6B87 /* BSFPRConsoleLogger.m */; };
		CB487EE926E11922004F6B87 /* BSFPRConsoleLogger.m in Sources */ = {isa = PBXBuildFile; fileRef = CB487E8926E11922004F6B87 /* BSFPRConsoleLogger.m */; };
		CB487EEA26E11922004F6B87 /* BSFPRConsoleLogger.m in Sources */ = {isa = PBXBuildFile; fileRef = CB487E8926E11922004F6B87 /* BSFPRConsoleLogger.m */; };
		CB487EEB26E11922004F6B87 /* BSFPRInstrument_Private.h in Headers */ = {isa = PBXBuildFile; fileRef = CB487E8A26E11922004F6B87 /* BSFPRInstrument_Private.h */; };
		CB487EEC26E11922004F6B87 /* BSFPRInstrument_Private.h in Headers */ = {isa = PBXBuildFile; fileRef = CB487E8A26E11922004F6B87 /* BSFPRInstrument_Private.h */; };
		CB487EED26E11922004F6B87 /* BSFPRInstrument_Private.h in Headers */ = {isa = PBXBuildFile; fileRef = CB487E8A26E11922004F6B87 /* BSFPRInstrument_Private.h */; };
		CB487EEE26E11922004F6B87 /* BSFPRTraceBackgroundActivityTracker.h in Headers */ = {isa = PBXBuildFile; fileRef = CB487E8B26E11922004F6B87 /* BSFPRTraceBackgroundActivityTracker.h */; };
		CB487EEF26E11922004F6B87 /* BSFPRTraceBackgroundActivityTracker.h in Headers */ = {isa = PBXBuildFile; fileRef = CB487E8B26E11922004F6B87 /* BSFPRTraceBackgroundActivityTracker.h */; };
		CB487EF026E11922004F6B87 /* BSFPRTraceBackgroundActivityTracker.h in Headers */ = {isa = PBXBuildFile; fileRef = CB487E8B26E11922004F6B87 /* BSFPRTraceBackgroundActivityTracker.h */; };
		CB487EF126E11922004F6B87 /* BSFPRClassInstrumentor.m in Sources */ = {isa = PBXBuildFile; fileRef = CB487E8C26E11922004F6B87 /* BSFPRClassInstrumentor.m */; };
		CB487EF226E11922004F6B87 /* BSFPRClassInstrumentor.m in Sources */ = {isa = PBXBuildFile; fileRef = CB487E8C26E11922004F6B87 /* BSFPRClassInstrumentor.m */; };
		CB487EF326E11922004F6B87 /* BSFPRClassInstrumentor.m in Sources */ = {isa = PBXBuildFile; fileRef = CB487E8C26E11922004F6B87 /* BSFPRClassInstrumentor.m */; };
		CB487EF426E11922004F6B87 /* BSFPRProxyObjectHelper.h in Headers */ = {isa = PBXBuildFile; fileRef = CB487E8D26E11922004F6B87 /* BSFPRProxyObjectHelper.h */; };
		CB487EF526E11922004F6B87 /* BSFPRProxyObjectHelper.h in Headers */ = {isa = PBXBuildFile; fileRef = CB487E8D26E11922004F6B87 /* BSFPRProxyObjectHelper.h */; };
		CB487EF626E11922004F6B87 /* BSFPRProxyObjectHelper.h in Headers */ = {isa = PBXBuildFile; fileRef = CB487E8D26E11922004F6B87 /* BSFPRProxyObjectHelper.h */; };
		CB487EF726E11922004F6B87 /* BSFPRObjectInstrumentor.m in Sources */ = {isa = PBXBuildFile; fileRef = CB487E8E26E11922004F6B87 /* BSFPRObjectInstrumentor.m */; };
		CB487EF826E11922004F6B87 /* BSFPRObjectInstrumentor.m in Sources */ = {isa = PBXBuildFile; fileRef = CB487E8E26E11922004F6B87 /* BSFPRObjectInstrumentor.m */; };
		CB487EF926E11922004F6B87 /* BSFPRObjectInstrumentor.m in Sources */ = {isa = PBXBuildFile; fileRef = CB487E8E26E11922004F6B87 /* BSFPRObjectInstrumentor.m */; };
		CB487EFA26E11922004F6B87 /* BSFPRSelectorInstrumentor.m in Sources */ = {isa = PBXBuildFile; fileRef = CB487E8F26E11922004F6B87 /* BSFPRSelectorInstrumentor.m */; };
		CB487EFB26E11922004F6B87 /* BSFPRSelectorInstrumentor.m in Sources */ = {isa = PBXBuildFile; fileRef = CB487E8F26E11922004F6B87 /* BSFPRSelectorInstrumentor.m */; };
		CB487EFC26E11922004F6B87 /* BSFPRSelectorInstrumentor.m in Sources */ = {isa = PBXBuildFile; fileRef = CB487E8F26E11922004F6B87 /* BSFPRSelectorInstrumentor.m */; };
		CB487EFD26E11922004F6B87 /* BSFPRDataUtils.h in Headers */ = {isa = PBXBuildFile; fileRef = CB487E9026E11922004F6B87 /* BSFPRDataUtils.h */; };
		CB487EFE26E11922004F6B87 /* BSFPRDataUtils.h in Headers */ = {isa = PBXBuildFile; fileRef = CB487E9026E11922004F6B87 /* BSFPRDataUtils.h */; };
		CB487EFF26E11922004F6B87 /* BSFPRDataUtils.h in Headers */ = {isa = PBXBuildFile; fileRef = CB487E9026E11922004F6B87 /* BSFPRDataUtils.h */; };
/* End PBXBuildFile section */

/* Begin PBXContainerItemProxy section */
		CB487A6426D7B109004F6B87 /* PBXContainerItemProxy */ = {
			isa = PBXContainerItemProxy;
			containerPortal = CB487A5026D7B109004F6B87 /* Project object */;
			proxyType = 1;
			remoteGlobalIDString = CB487A5826D7B109004F6B87;
			remoteInfo = BugsnagRequestMonitor;
		};
		CB487A8726D7B144004F6B87 /* PBXContainerItemProxy */ = {
			isa = PBXContainerItemProxy;
			containerPortal = CB487A5026D7B109004F6B87 /* Project object */;
			proxyType = 1;
			remoteGlobalIDString = CB487A7C26D7B144004F6B87;
			remoteInfo = BugsnagRequestMonitor;
		};
		CB487AA726D7B172004F6B87 /* PBXContainerItemProxy */ = {
			isa = PBXContainerItemProxy;
			containerPortal = CB487A5026D7B109004F6B87 /* Project object */;
			proxyType = 1;
			remoteGlobalIDString = CB487A9C26D7B172004F6B87;
			remoteInfo = BugsnagRequestMonitor;
		};
/* End PBXContainerItemProxy section */

/* Begin PBXFileReference section */
		CB487A5926D7B109004F6B87 /* BugsnagRequestMonitor.framework */ = {isa = PBXFileReference; explicitFileType = wrapper.framework; includeInIndex = 0; path = BugsnagRequestMonitor.framework; sourceTree = BUILT_PRODUCTS_DIR; };
		CB487A5D26D7B109004F6B87 /* Info.plist */ = {isa = PBXFileReference; lastKnownFileType = text.plist.xml; path = Info.plist; sourceTree = "<group>"; };
		CB487A6226D7B109004F6B87 /* BugsnagRequestMonitor-iOSTests.xctest */ = {isa = PBXFileReference; explicitFileType = wrapper.cfbundle; includeInIndex = 0; path = "BugsnagRequestMonitor-iOSTests.xctest"; sourceTree = BUILT_PRODUCTS_DIR; };
		CB487A6726D7B109004F6B87 /* BugsnagRequestMonitorTests.m */ = {isa = PBXFileReference; lastKnownFileType = sourcecode.c.objc; path = BugsnagRequestMonitorTests.m; sourceTree = "<group>"; };
		CB487A6926D7B109004F6B87 /* Info.plist */ = {isa = PBXFileReference; lastKnownFileType = text.plist.xml; path = Info.plist; sourceTree = "<group>"; };
		CB487A7426D7B12F004F6B87 /* Bugsnag.framework */ = {isa = PBXFileReference; explicitFileType = wrapper.framework; path = Bugsnag.framework; sourceTree = BUILT_PRODUCTS_DIR; };
		CB487A7D26D7B144004F6B87 /* BugsnagRequestMonitor.framework */ = {isa = PBXFileReference; explicitFileType = wrapper.framework; includeInIndex = 0; path = BugsnagRequestMonitor.framework; sourceTree = BUILT_PRODUCTS_DIR; };
		CB487A8526D7B144004F6B87 /* BugsnagRequestMonitor-macOSTests.xctest */ = {isa = PBXFileReference; explicitFileType = wrapper.cfbundle; includeInIndex = 0; path = "BugsnagRequestMonitor-macOSTests.xctest"; sourceTree = BUILT_PRODUCTS_DIR; };
		CB487A9426D7B166004F6B87 /* Bugsnag.framework */ = {isa = PBXFileReference; explicitFileType = wrapper.framework; path = Bugsnag.framework; sourceTree = BUILT_PRODUCTS_DIR; };
		CB487A9D26D7B172004F6B87 /* BugsnagRequestMonitor.framework */ = {isa = PBXFileReference; explicitFileType = wrapper.framework; includeInIndex = 0; path = BugsnagRequestMonitor.framework; sourceTree = BUILT_PRODUCTS_DIR; };
		CB487AA526D7B172004F6B87 /* BugsnagRequestMonitor-tvOSTests.xctest */ = {isa = PBXFileReference; explicitFileType = wrapper.cfbundle; includeInIndex = 0; path = "BugsnagRequestMonitor-tvOSTests.xctest"; sourceTree = BUILT_PRODUCTS_DIR; };
		CB487AB426D7B191004F6B87 /* Bugsnag.framework */ = {isa = PBXFileReference; explicitFileType = wrapper.framework; path = Bugsnag.framework; sourceTree = BUILT_PRODUCTS_DIR; };
		CB487ABE26D7B295004F6B87 /* BugsnagRequestMonitor.m */ = {isa = PBXFileReference; lastKnownFileType = sourcecode.c.objc; path = BugsnagRequestMonitor.m; sourceTree = "<group>"; };
		CB487C2F26DE3EFB004F6B87 /* BugsnagRequestMonitor.h */ = {isa = PBXFileReference; fileEncoding = 4; lastKnownFileType = sourcecode.c.h; path = BugsnagRequestMonitor.h; sourceTree = "<group>"; };
		CB487E6926E11922004F6B87 /* BSGULObjectSwizzler+Internal.h */ = {isa = PBXFileReference; fileEncoding = 4; lastKnownFileType = sourcecode.c.h; path = "BSGULObjectSwizzler+Internal.h"; sourceTree = "<group>"; };
		CB487E6A26E11922004F6B87 /* BSGULSwizzledObject.h */ = {isa = PBXFileReference; fileEncoding = 4; lastKnownFileType = sourcecode.c.h; path = BSGULSwizzledObject.h; sourceTree = "<group>"; };
		CB487E6B26E11922004F6B87 /* BSGULSwizzler.m */ = {isa = PBXFileReference; fileEncoding = 4; lastKnownFileType = sourcecode.c.objc; path = BSGULSwizzler.m; sourceTree = "<group>"; };
		CB487E6C26E11922004F6B87 /* BSGULObjectSwizzler.h */ = {isa = PBXFileReference; fileEncoding = 4; lastKnownFileType = sourcecode.c.h; path = BSGULObjectSwizzler.h; sourceTree = "<group>"; };
		CB487E6D26E11922004F6B87 /* BSGULOriginalIMPConvenienceMacros.h */ = {isa = PBXFileReference; fileEncoding = 4; lastKnownFileType = sourcecode.c.h; path = BSGULOriginalIMPConvenienceMacros.h; sourceTree = "<group>"; };
		CB487E6E26E11922004F6B87 /* BSGULSwizzledObject.m */ = {isa = PBXFileReference; fileEncoding = 4; lastKnownFileType = sourcecode.c.objc; path = BSGULSwizzledObject.m; sourceTree = "<group>"; };
		CB487E6F26E11922004F6B87 /* BSGULSwizzler.h */ = {isa = PBXFileReference; fileEncoding = 4; lastKnownFileType = sourcecode.c.h; path = BSGULSwizzler.h; sourceTree = "<group>"; };
		CB487E7026E11922004F6B87 /* BSGULObjectSwizzler.m */ = {isa = PBXFileReference; fileEncoding = 4; lastKnownFileType = sourcecode.c.objc; path = BSGULObjectSwizzler.m; sourceTree = "<group>"; };
		CB487E7226E11922004F6B87 /* BSFPRConsoleLogger.h */ = {isa = PBXFileReference; fileEncoding = 4; lastKnownFileType = sourcecode.c.h; path = BSFPRConsoleLogger.h; sourceTree = "<group>"; };
		CB487E7326E11922004F6B87 /* BSFPRInstrument.h */ = {isa = PBXFileReference; fileEncoding = 4; lastKnownFileType = sourcecode.c.h; path = BSFPRInstrument.h; sourceTree = "<group>"; };
		CB487E7426E11922004F6B87 /* BSFPRClassInstrumentor_Private.h */ = {isa = PBXFileReference; fileEncoding = 4; lastKnownFileType = sourcecode.c.h; path = BSFPRClassInstrumentor_Private.h; sourceTree = "<group>"; };
		CB487E7526E11922004F6B87 /* BSFPRTraceBackgroundActivityTracker.m */ = {isa = PBXFileReference; fileEncoding = 4; lastKnownFileType = sourcecode.c.objc; path = BSFPRTraceBackgroundActivityTracker.m; sourceTree = "<group>"; };
		CB487E7626E11922004F6B87 /* BSFPRProxyObjectHelper.m */ = {isa = PBXFileReference; fileEncoding = 4; lastKnownFileType = sourcecode.c.objc; path = BSFPRProxyObjectHelper.m; sourceTree = "<group>"; };
		CB487E7726E11922004F6B87 /* BSFPRClassInstrumentor.h */ = {isa = PBXFileReference; fileEncoding = 4; lastKnownFileType = sourcecode.c.h; path = BSFPRClassInstrumentor.h; sourceTree = "<group>"; };
		CB487E7926E11922004F6B87 /* BSFPRNSURLSessionInstrument.m */ = {isa = PBXFileReference; fileEncoding = 4; lastKnownFileType = sourcecode.c.objc; path = BSFPRNSURLSessionInstrument.m; sourceTree = "<group>"; };
		CB487E7A26E11922004F6B87 /* BSFPRNetworkTrace.m */ = {isa = PBXFileReference; fileEncoding = 4; lastKnownFileType = sourcecode.c.objc; path = BSFPRNetworkTrace.m; sourceTree = "<group>"; };
		CB487E7B26E11922004F6B87 /* BSFPRNetworkInstrumentHelpers.m */ = {isa = PBXFileReference; fileEncoding = 4; lastKnownFileType = sourcecode.c.objc; path = BSFPRNetworkInstrumentHelpers.m; sourceTree = "<group>"; };
		CB487E7C26E11922004F6B87 /* BSFPRNSURLSessionInstrument.h */ = {isa = PBXFileReference; fileEncoding = 4; lastKnownFileType = sourcecode.c.h; path = BSFPRNSURLSessionInstrument.h; sourceTree = "<group>"; };
		CB487E7E26E11922004F6B87 /* BSFPRNSURLSessionDelegate.h */ = {isa = PBXFileReference; fileEncoding = 4; lastKnownFileType = sourcecode.c.h; path = BSFPRNSURLSessionDelegate.h; sourceTree = "<group>"; };
		CB487E7F26E11922004F6B87 /* BSFPRNSURLSessionDelegateInstrument.m */ = {isa = PBXFileReference; fileEncoding = 4; lastKnownFileType = sourcecode.c.objc; path = BSFPRNSURLSessionDelegateInstrument.m; sourceTree = "<group>"; };
		CB487E8026E11922004F6B87 /* BSFPRNSURLSessionDelegate.m */ = {isa = PBXFileReference; fileEncoding = 4; lastKnownFileType = sourcecode.c.objc; path = BSFPRNSURLSessionDelegate.m; sourceTree = "<group>"; };
		CB487E8126E11922004F6B87 /* BSFPRNSURLSessionDelegateInstrument.h */ = {isa = PBXFileReference; fileEncoding = 4; lastKnownFileType = sourcecode.c.h; path = BSFPRNSURLSessionDelegateInstrument.h; sourceTree = "<group>"; };
		CB487E8226E11922004F6B87 /* BSFPRNetworkTrace.h */ = {isa = PBXFileReference; fileEncoding = 4; lastKnownFileType = sourcecode.c.h; path = BSFPRNetworkTrace.h; sourceTree = "<group>"; };
		CB487E8326E11922004F6B87 /* BSFPRNetworkInstrumentHelpers.h */ = {isa = PBXFileReference; fileEncoding = 4; lastKnownFileType = sourcecode.c.h; path = BSFPRNetworkInstrumentHelpers.h; sourceTree = "<group>"; };
		CB487E8426E11922004F6B87 /* BSFPRNSURLSessionInstrument_Private.h */ = {isa = PBXFileReference; fileEncoding = 4; lastKnownFileType = sourcecode.c.h; path = BSFPRNSURLSessionInstrument_Private.h; sourceTree = "<group>"; };
		CB487E8526E11922004F6B87 /* BSFPRDataUtils.m */ = {isa = PBXFileReference; fileEncoding = 4; lastKnownFileType = sourcecode.c.objc; path = BSFPRDataUtils.m; sourceTree = "<group>"; };
		CB487E8626E11922004F6B87 /* BSFPRSelectorInstrumentor.h */ = {isa = PBXFileReference; fileEncoding = 4; lastKnownFileType = sourcecode.c.h; path = BSFPRSelectorInstrumentor.h; sourceTree = "<group>"; };
		CB487E8726E11922004F6B87 /* BSFPRObjectInstrumentor.h */ = {isa = PBXFileReference; fileEncoding = 4; lastKnownFileType = sourcecode.c.h; path = BSFPRObjectInstrumentor.h; sourceTree = "<group>"; };
		CB487E8826E11922004F6B87 /* BSFPRInstrument.m */ = {isa = PBXFileReference; fileEncoding = 4; lastKnownFileType = sourcecode.c.objc; path = BSFPRInstrument.m; sourceTree = "<group>"; };
		CB487E8926E11922004F6B87 /* BSFPRConsoleLogger.m */ = {isa = PBXFileReference; fileEncoding = 4; lastKnownFileType = sourcecode.c.objc; path = BSFPRConsoleLogger.m; sourceTree = "<group>"; };
		CB487E8A26E11922004F6B87 /* BSFPRInstrument_Private.h */ = {isa = PBXFileReference; fileEncoding = 4; lastKnownFileType = sourcecode.c.h; path = BSFPRInstrument_Private.h; sourceTree = "<group>"; };
		CB487E8B26E11922004F6B87 /* BSFPRTraceBackgroundActivityTracker.h */ = {isa = PBXFileReference; fileEncoding = 4; lastKnownFileType = sourcecode.c.h; path = BSFPRTraceBackgroundActivityTracker.h; sourceTree = "<group>"; };
		CB487E8C26E11922004F6B87 /* BSFPRClassInstrumentor.m */ = {isa = PBXFileReference; fileEncoding = 4; lastKnownFileType = sourcecode.c.objc; path = BSFPRClassInstrumentor.m; sourceTree = "<group>"; };
		CB487E8D26E11922004F6B87 /* BSFPRProxyObjectHelper.h */ = {isa = PBXFileReference; fileEncoding = 4; lastKnownFileType = sourcecode.c.h; path = BSFPRProxyObjectHelper.h; sourceTree = "<group>"; };
		CB487E8E26E11922004F6B87 /* BSFPRObjectInstrumentor.m */ = {isa = PBXFileReference; fileEncoding = 4; lastKnownFileType = sourcecode.c.objc; path = BSFPRObjectInstrumentor.m; sourceTree = "<group>"; };
		CB487E8F26E11922004F6B87 /* BSFPRSelectorInstrumentor.m */ = {isa = PBXFileReference; fileEncoding = 4; lastKnownFileType = sourcecode.c.objc; path = BSFPRSelectorInstrumentor.m; sourceTree = "<group>"; };
		CB487E9026E11922004F6B87 /* BSFPRDataUtils.h */ = {isa = PBXFileReference; fileEncoding = 4; lastKnownFileType = sourcecode.c.h; path = BSFPRDataUtils.h; sourceTree = "<group>"; };
/* End PBXFileReference section */

/* Begin PBXFrameworksBuildPhase section */
		CB487A5626D7B109004F6B87 /* Frameworks */ = {
			isa = PBXFrameworksBuildPhase;
			buildActionMask = 2147483647;
			files = (
				CB487A7526D7B12F004F6B87 /* Bugsnag.framework in Frameworks */,
			);
			runOnlyForDeploymentPostprocessing = 0;
		};
		CB487A5F26D7B109004F6B87 /* Frameworks */ = {
			isa = PBXFrameworksBuildPhase;
			buildActionMask = 2147483647;
			files = (
				CB487A6326D7B109004F6B87 /* BugsnagRequestMonitor.framework in Frameworks */,
			);
			runOnlyForDeploymentPostprocessing = 0;
		};
		CB487A7A26D7B144004F6B87 /* Frameworks */ = {
			isa = PBXFrameworksBuildPhase;
			buildActionMask = 2147483647;
			files = (
				CB487A9526D7B166004F6B87 /* Bugsnag.framework in Frameworks */,
			);
			runOnlyForDeploymentPostprocessing = 0;
		};
		CB487A8226D7B144004F6B87 /* Frameworks */ = {
			isa = PBXFrameworksBuildPhase;
			buildActionMask = 2147483647;
			files = (
				CB487A8626D7B144004F6B87 /* BugsnagRequestMonitor.framework in Frameworks */,
			);
			runOnlyForDeploymentPostprocessing = 0;
		};
		CB487A9A26D7B172004F6B87 /* Frameworks */ = {
			isa = PBXFrameworksBuildPhase;
			buildActionMask = 2147483647;
			files = (
				CB487AB526D7B191004F6B87 /* Bugsnag.framework in Frameworks */,
			);
			runOnlyForDeploymentPostprocessing = 0;
		};
		CB487AA226D7B172004F6B87 /* Frameworks */ = {
			isa = PBXFrameworksBuildPhase;
			buildActionMask = 2147483647;
			files = (
				CB487AA626D7B172004F6B87 /* BugsnagRequestMonitor.framework in Frameworks */,
			);
			runOnlyForDeploymentPostprocessing = 0;
		};
/* End PBXFrameworksBuildPhase section */

/* Begin PBXGroup section */
		CB487A4F26D7B109004F6B87 = {
			isa = PBXGroup;
			children = (
				CB487A5B26D7B109004F6B87 /* BugsnagRequestMonitor */,
				CB487A6626D7B109004F6B87 /* BugsnagRequestMonitorTests */,
				CB487A5A26D7B109004F6B87 /* Products */,
				CB487A7326D7B12F004F6B87 /* Frameworks */,
			);
			sourceTree = "<group>";
		};
		CB487A5A26D7B109004F6B87 /* Products */ = {
			isa = PBXGroup;
			children = (
				CB487A5926D7B109004F6B87 /* BugsnagRequestMonitor.framework */,
				CB487A6226D7B109004F6B87 /* BugsnagRequestMonitor-iOSTests.xctest */,
				CB487A7D26D7B144004F6B87 /* BugsnagRequestMonitor.framework */,
				CB487A8526D7B144004F6B87 /* BugsnagRequestMonitor-macOSTests.xctest */,
				CB487A9D26D7B172004F6B87 /* BugsnagRequestMonitor.framework */,
				CB487AA526D7B172004F6B87 /* BugsnagRequestMonitor-tvOSTests.xctest */,
			);
			name = Products;
			sourceTree = "<group>";
		};
		CB487A5B26D7B109004F6B87 /* BugsnagRequestMonitor */ = {
			isa = PBXGroup;
			children = (
				CB487E7126E11922004F6B87 /* Instrumentation */,
				CB487E6826E11922004F6B87 /* Swizzle */,
				CB487A5D26D7B109004F6B87 /* Info.plist */,
				CB487C2D26DE3EFB004F6B87 /* include */,
				CB487ABE26D7B295004F6B87 /* BugsnagRequestMonitor.m */,
			);
			path = BugsnagRequestMonitor;
			sourceTree = "<group>";
		};
		CB487A6626D7B109004F6B87 /* BugsnagRequestMonitorTests */ = {
			isa = PBXGroup;
			children = (
				CB487A6726D7B109004F6B87 /* BugsnagRequestMonitorTests.m */,
				CB487A6926D7B109004F6B87 /* Info.plist */,
			);
			path = BugsnagRequestMonitorTests;
			sourceTree = "<group>";
		};
		CB487A7326D7B12F004F6B87 /* Frameworks */ = {
			isa = PBXGroup;
			children = (
				CB487AB426D7B191004F6B87 /* Bugsnag.framework */,
				CB487A9426D7B166004F6B87 /* Bugsnag.framework */,
				CB487A7426D7B12F004F6B87 /* Bugsnag.framework */,
			);
			name = Frameworks;
			sourceTree = "<group>";
		};
		CB487C2D26DE3EFB004F6B87 /* include */ = {
			isa = PBXGroup;
			children = (
				CB487C2E26DE3EFB004F6B87 /* BugsnagRequestMonitor */,
			);
			path = include;
			sourceTree = "<group>";
		};
		CB487C2E26DE3EFB004F6B87 /* BugsnagRequestMonitor */ = {
			isa = PBXGroup;
			children = (
				CB487C2F26DE3EFB004F6B87 /* BugsnagRequestMonitor.h */,
			);
			path = BugsnagRequestMonitor;
			sourceTree = "<group>";
		};
		CB487E6826E11922004F6B87 /* Swizzle */ = {
			isa = PBXGroup;
			children = (
				CB487E6926E11922004F6B87 /* BSGULObjectSwizzler+Internal.h */,
				CB487E6A26E11922004F6B87 /* BSGULSwizzledObject.h */,
				CB487E6B26E11922004F6B87 /* BSGULSwizzler.m */,
				CB487E6C26E11922004F6B87 /* BSGULObjectSwizzler.h */,
				CB487E6D26E11922004F6B87 /* BSGULOriginalIMPConvenienceMacros.h */,
				CB487E6E26E11922004F6B87 /* BSGULSwizzledObject.m */,
				CB487E6F26E11922004F6B87 /* BSGULSwizzler.h */,
				CB487E7026E11922004F6B87 /* BSGULObjectSwizzler.m */,
			);
			path = Swizzle;
			sourceTree = SOURCE_ROOT;
		};
		CB487E7126E11922004F6B87 /* Instrumentation */ = {
			isa = PBXGroup;
			children = (
				CB487E7226E11922004F6B87 /* BSFPRConsoleLogger.h */,
				CB487E7326E11922004F6B87 /* BSFPRInstrument.h */,
				CB487E7426E11922004F6B87 /* BSFPRClassInstrumentor_Private.h */,
				CB487E7526E11922004F6B87 /* BSFPRTraceBackgroundActivityTracker.m */,
				CB487E7626E11922004F6B87 /* BSFPRProxyObjectHelper.m */,
				CB487E7726E11922004F6B87 /* BSFPRClassInstrumentor.h */,
				CB487E7826E11922004F6B87 /* Network */,
				CB487E8526E11922004F6B87 /* BSFPRDataUtils.m */,
				CB487E8626E11922004F6B87 /* BSFPRSelectorInstrumentor.h */,
				CB487E8726E11922004F6B87 /* BSFPRObjectInstrumentor.h */,
				CB487E8826E11922004F6B87 /* BSFPRInstrument.m */,
				CB487E8926E11922004F6B87 /* BSFPRConsoleLogger.m */,
				CB487E8A26E11922004F6B87 /* BSFPRInstrument_Private.h */,
				CB487E8B26E11922004F6B87 /* BSFPRTraceBackgroundActivityTracker.h */,
				CB487E8C26E11922004F6B87 /* BSFPRClassInstrumentor.m */,
				CB487E8D26E11922004F6B87 /* BSFPRProxyObjectHelper.h */,
				CB487E8E26E11922004F6B87 /* BSFPRObjectInstrumentor.m */,
				CB487E8F26E11922004F6B87 /* BSFPRSelectorInstrumentor.m */,
				CB487E9026E11922004F6B87 /* BSFPRDataUtils.h */,
			);
			path = Instrumentation;
			sourceTree = SOURCE_ROOT;
		};
		CB487E7826E11922004F6B87 /* Network */ = {
			isa = PBXGroup;
			children = (
				CB487E7926E11922004F6B87 /* BSFPRNSURLSessionInstrument.m */,
				CB487E7A26E11922004F6B87 /* BSFPRNetworkTrace.m */,
				CB487E7B26E11922004F6B87 /* BSFPRNetworkInstrumentHelpers.m */,
				CB487E7C26E11922004F6B87 /* BSFPRNSURLSessionInstrument.h */,
				CB487E7D26E11922004F6B87 /* Delegates */,
				CB487E8226E11922004F6B87 /* BSFPRNetworkTrace.h */,
				CB487E8326E11922004F6B87 /* BSFPRNetworkInstrumentHelpers.h */,
				CB487E8426E11922004F6B87 /* BSFPRNSURLSessionInstrument_Private.h */,
			);
			path = Network;
			sourceTree = "<group>";
		};
		CB487E7D26E11922004F6B87 /* Delegates */ = {
			isa = PBXGroup;
			children = (
				CB487E7E26E11922004F6B87 /* BSFPRNSURLSessionDelegate.h */,
				CB487E7F26E11922004F6B87 /* BSFPRNSURLSessionDelegateInstrument.m */,
				CB487E8026E11922004F6B87 /* BSFPRNSURLSessionDelegate.m */,
				CB487E8126E11922004F6B87 /* BSFPRNSURLSessionDelegateInstrument.h */,
			);
			path = Delegates;
			sourceTree = "<group>";
		};
/* End PBXGroup section */

/* Begin PBXHeadersBuildPhase section */
		CB487A5426D7B109004F6B87 /* Headers */ = {
			isa = PBXHeadersBuildPhase;
			buildActionMask = 2147483647;
			files = (
				CB487EA326E11922004F6B87 /* BSGULSwizzler.h in Headers */,
				CB487EE226E11922004F6B87 /* BSFPRObjectInstrumentor.h in Headers */,
				CB487E9426E11922004F6B87 /* BSGULSwizzledObject.h in Headers */,
				CB487EDF26E11922004F6B87 /* BSFPRSelectorInstrumentor.h in Headers */,
				CB487EFD26E11922004F6B87 /* BSFPRDataUtils.h in Headers */,
				CB487EEE26E11922004F6B87 /* BSFPRTraceBackgroundActivityTracker.h in Headers */,
				CB487EC426E11922004F6B87 /* BSFPRNSURLSessionInstrument.h in Headers */,
				CB487ED926E11922004F6B87 /* BSFPRNSURLSessionInstrument_Private.h in Headers */,
				CB487ED326E11922004F6B87 /* BSFPRNetworkTrace.h in Headers */,
				CB487E9A26E11922004F6B87 /* BSGULObjectSwizzler.h in Headers */,
				CB487E9D26E11922004F6B87 /* BSGULOriginalIMPConvenienceMacros.h in Headers */,
				CB487EC726E11922004F6B87 /* BSFPRNSURLSessionDelegate.h in Headers */,
				CB487E9126E11922004F6B87 /* BSGULObjectSwizzler+Internal.h in Headers */,
				CB487EAC26E11922004F6B87 /* BSFPRInstrument.h in Headers */,
				CB487EA926E11922004F6B87 /* BSFPRConsoleLogger.h in Headers */,
				CB487EB826E11922004F6B87 /* BSFPRClassInstrumentor.h in Headers */,
				CB487C3026DE3EFB004F6B87 /* BugsnagRequestMonitor.h in Headers */,
				CB487ED626E11922004F6B87 /* BSFPRNetworkInstrumentHelpers.h in Headers */,
				CB487EF426E11922004F6B87 /* BSFPRProxyObjectHelper.h in Headers */,
				CB487EEB26E11922004F6B87 /* BSFPRInstrument_Private.h in Headers */,
				CB487EAF26E11922004F6B87 /* BSFPRClassInstrumentor_Private.h in Headers */,
				CB487ED026E11922004F6B87 /* BSFPRNSURLSessionDelegateInstrument.h in Headers */,
			);
			runOnlyForDeploymentPostprocessing = 0;
		};
		CB487A7826D7B144004F6B87 /* Headers */ = {
			isa = PBXHeadersBuildPhase;
			buildActionMask = 2147483647;
			files = (
				CB487EA426E11922004F6B87 /* BSGULSwizzler.h in Headers */,
				CB487EE326E11922004F6B87 /* BSFPRObjectInstrumentor.h in Headers */,
				CB487E9526E11922004F6B87 /* BSGULSwizzledObject.h in Headers */,
				CB487EE026E11922004F6B87 /* BSFPRSelectorInstrumentor.h in Headers */,
				CB487EFE26E11922004F6B87 /* BSFPRDataUtils.h in Headers */,
				CB487EEF26E11922004F6B87 /* BSFPRTraceBackgroundActivityTracker.h in Headers */,
				CB487EC526E11922004F6B87 /* BSFPRNSURLSessionInstrument.h in Headers */,
				CB487EDA26E11922004F6B87 /* BSFPRNSURLSessionInstrument_Private.h in Headers */,
				CB487ED426E11922004F6B87 /* BSFPRNetworkTrace.h in Headers */,
				CB487E9B26E11922004F6B87 /* BSGULObjectSwizzler.h in Headers */,
				CB487E9E26E11922004F6B87 /* BSGULOriginalIMPConvenienceMacros.h in Headers */,
				CB487EC826E11922004F6B87 /* BSFPRNSURLSessionDelegate.h in Headers */,
				CB487E9226E11922004F6B87 /* BSGULObjectSwizzler+Internal.h in Headers */,
				CB487EAD26E11922004F6B87 /* BSFPRInstrument.h in Headers */,
				CB487EAA26E11922004F6B87 /* BSFPRConsoleLogger.h in Headers */,
				CB487EB926E11922004F6B87 /* BSFPRClassInstrumentor.h in Headers */,
				CB487C3126DE3EFB004F6B87 /* BugsnagRequestMonitor.h in Headers */,
				CB487ED726E11922004F6B87 /* BSFPRNetworkInstrumentHelpers.h in Headers */,
				CB487EF526E11922004F6B87 /* BSFPRProxyObjectHelper.h in Headers */,
				CB487EEC26E11922004F6B87 /* BSFPRInstrument_Private.h in Headers */,
				CB487EB026E11922004F6B87 /* BSFPRClassInstrumentor_Private.h in Headers */,
				CB487ED126E11922004F6B87 /* BSFPRNSURLSessionDelegateInstrument.h in Headers */,
			);
			runOnlyForDeploymentPostprocessing = 0;
		};
		CB487A9826D7B172004F6B87 /* Headers */ = {
			isa = PBXHeadersBuildPhase;
			buildActionMask = 2147483647;
			files = (
				CB487EA526E11922004F6B87 /* BSGULSwizzler.h in Headers */,
				CB487EE426E11922004F6B87 /* BSFPRObjectInstrumentor.h in Headers */,
				CB487E9626E11922004F6B87 /* BSGULSwizzledObject.h in Headers */,
				CB487EE126E11922004F6B87 /* BSFPRSelectorInstrumentor.h in Headers */,
				CB487EFF26E11922004F6B87 /* BSFPRDataUtils.h in Headers */,
				CB487EF026E11922004F6B87 /* BSFPRTraceBackgroundActivityTracker.h in Headers */,
				CB487EC626E11922004F6B87 /* BSFPRNSURLSessionInstrument.h in Headers */,
				CB487EDB26E11922004F6B87 /* BSFPRNSURLSessionInstrument_Private.h in Headers */,
				CB487ED526E11922004F6B87 /* BSFPRNetworkTrace.h in Headers */,
				CB487E9C26E11922004F6B87 /* BSGULObjectSwizzler.h in Headers */,
				CB487E9F26E11922004F6B87 /* BSGULOriginalIMPConvenienceMacros.h in Headers */,
				CB487EC926E11922004F6B87 /* BSFPRNSURLSessionDelegate.h in Headers */,
				CB487E9326E11922004F6B87 /* BSGULObjectSwizzler+Internal.h in Headers */,
				CB487EAE26E11922004F6B87 /* BSFPRInstrument.h in Headers */,
				CB487EAB26E11922004F6B87 /* BSFPRConsoleLogger.h in Headers */,
				CB487EBA26E11922004F6B87 /* BSFPRClassInstrumentor.h in Headers */,
				CB487C3226DE3EFB004F6B87 /* BugsnagRequestMonitor.h in Headers */,
				CB487ED826E11922004F6B87 /* BSFPRNetworkInstrumentHelpers.h in Headers */,
				CB487EF626E11922004F6B87 /* BSFPRProxyObjectHelper.h in Headers */,
				CB487EED26E11922004F6B87 /* BSFPRInstrument_Private.h in Headers */,
				CB487EB126E11922004F6B87 /* BSFPRClassInstrumentor_Private.h in Headers */,
				CB487ED226E11922004F6B87 /* BSFPRNSURLSessionDelegateInstrument.h in Headers */,
			);
			runOnlyForDeploymentPostprocessing = 0;
		};
/* End PBXHeadersBuildPhase section */

/* Begin PBXNativeTarget section */
		CB487A5826D7B109004F6B87 /* BugsnagRequestMonitor-iOS */ = {
			isa = PBXNativeTarget;
			buildConfigurationList = CB487A6D26D7B109004F6B87 /* Build configuration list for PBXNativeTarget "BugsnagRequestMonitor-iOS" */;
			buildPhases = (
				CB487A5426D7B109004F6B87 /* Headers */,
				CB487A5526D7B109004F6B87 /* Sources */,
				CB487A5626D7B109004F6B87 /* Frameworks */,
				CB487A5726D7B109004F6B87 /* Resources */,
			);
			buildRules = (
			);
			dependencies = (
			);
			name = "BugsnagRequestMonitor-iOS";
			productName = BugsnagRequestMonitor;
			productReference = CB487A5926D7B109004F6B87 /* BugsnagRequestMonitor.framework */;
			productType = "com.apple.product-type.framework";
		};
		CB487A6126D7B109004F6B87 /* BugsnagRequestMonitor-iOSTests */ = {
			isa = PBXNativeTarget;
			buildConfigurationList = CB487A7026D7B109004F6B87 /* Build configuration list for PBXNativeTarget "BugsnagRequestMonitor-iOSTests" */;
			buildPhases = (
				CB487A5E26D7B109004F6B87 /* Sources */,
				CB487A5F26D7B109004F6B87 /* Frameworks */,
				CB487A6026D7B109004F6B87 /* Resources */,
			);
			buildRules = (
			);
			dependencies = (
				CB487A6526D7B109004F6B87 /* PBXTargetDependency */,
			);
			name = "BugsnagRequestMonitor-iOSTests";
			productName = BugsnagRequestMonitorTests;
			productReference = CB487A6226D7B109004F6B87 /* BugsnagRequestMonitor-iOSTests.xctest */;
			productType = "com.apple.product-type.bundle.unit-test";
		};
		CB487A7C26D7B144004F6B87 /* BugsnagRequestMonitor-macOS */ = {
			isa = PBXNativeTarget;
			buildConfigurationList = CB487A8E26D7B144004F6B87 /* Build configuration list for PBXNativeTarget "BugsnagRequestMonitor-macOS" */;
			buildPhases = (
				CB487A7826D7B144004F6B87 /* Headers */,
				CB487A7926D7B144004F6B87 /* Sources */,
				CB487A7A26D7B144004F6B87 /* Frameworks */,
				CB487A7B26D7B144004F6B87 /* Resources */,
			);
			buildRules = (
			);
			dependencies = (
			);
			name = "BugsnagRequestMonitor-macOS";
			productName = BugsnagRequestMonitor;
			productReference = CB487A7D26D7B144004F6B87 /* BugsnagRequestMonitor.framework */;
			productType = "com.apple.product-type.framework";
		};
		CB487A8426D7B144004F6B87 /* BugsnagRequestMonitor-macOSTests */ = {
			isa = PBXNativeTarget;
			buildConfigurationList = CB487A9126D7B144004F6B87 /* Build configuration list for PBXNativeTarget "BugsnagRequestMonitor-macOSTests" */;
			buildPhases = (
				CB487A8126D7B144004F6B87 /* Sources */,
				CB487A8226D7B144004F6B87 /* Frameworks */,
				CB487A8326D7B144004F6B87 /* Resources */,
			);
			buildRules = (
			);
			dependencies = (
				CB487A8826D7B144004F6B87 /* PBXTargetDependency */,
			);
			name = "BugsnagRequestMonitor-macOSTests";
			productName = BugsnagRequestMonitorTests;
			productReference = CB487A8526D7B144004F6B87 /* BugsnagRequestMonitor-macOSTests.xctest */;
			productType = "com.apple.product-type.bundle.unit-test";
		};
		CB487A9C26D7B172004F6B87 /* BugsnagRequestMonitor-tvOS */ = {
			isa = PBXNativeTarget;
			buildConfigurationList = CB487AAE26D7B172004F6B87 /* Build configuration list for PBXNativeTarget "BugsnagRequestMonitor-tvOS" */;
			buildPhases = (
				CB487A9826D7B172004F6B87 /* Headers */,
				CB487A9926D7B172004F6B87 /* Sources */,
				CB487A9A26D7B172004F6B87 /* Frameworks */,
				CB487A9B26D7B172004F6B87 /* Resources */,
			);
			buildRules = (
			);
			dependencies = (
			);
			name = "BugsnagRequestMonitor-tvOS";
			productName = BugsnagRequestMonitor;
			productReference = CB487A9D26D7B172004F6B87 /* BugsnagRequestMonitor.framework */;
			productType = "com.apple.product-type.framework";
		};
		CB487AA426D7B172004F6B87 /* BugsnagRequestMonitor-tvOSTests */ = {
			isa = PBXNativeTarget;
			buildConfigurationList = CB487AB126D7B172004F6B87 /* Build configuration list for PBXNativeTarget "BugsnagRequestMonitor-tvOSTests" */;
			buildPhases = (
				CB487AA126D7B172004F6B87 /* Sources */,
				CB487AA226D7B172004F6B87 /* Frameworks */,
				CB487AA326D7B172004F6B87 /* Resources */,
			);
			buildRules = (
			);
			dependencies = (
				CB487AA826D7B172004F6B87 /* PBXTargetDependency */,
			);
			name = "BugsnagRequestMonitor-tvOSTests";
			productName = BugsnagRequestMonitorTests;
			productReference = CB487AA526D7B172004F6B87 /* BugsnagRequestMonitor-tvOSTests.xctest */;
			productType = "com.apple.product-type.bundle.unit-test";
		};
/* End PBXNativeTarget section */

/* Begin PBXProject section */
		CB487A5026D7B109004F6B87 /* Project object */ = {
			isa = PBXProject;
			attributes = {
				LastUpgradeCheck = 1250;
				TargetAttributes = {
					CB487A5826D7B109004F6B87 = {
						CreatedOnToolsVersion = 12.5.1;
					};
					CB487A6126D7B109004F6B87 = {
						CreatedOnToolsVersion = 12.5.1;
					};
					CB487A7C26D7B144004F6B87 = {
						CreatedOnToolsVersion = 12.5.1;
					};
					CB487A8426D7B144004F6B87 = {
						CreatedOnToolsVersion = 12.5.1;
					};
					CB487A9C26D7B172004F6B87 = {
						CreatedOnToolsVersion = 12.5.1;
					};
					CB487AA426D7B172004F6B87 = {
						CreatedOnToolsVersion = 12.5.1;
					};
				};
			};
			buildConfigurationList = CB487A5326D7B109004F6B87 /* Build configuration list for PBXProject "BugsnagRequestMonitor" */;
			compatibilityVersion = "Xcode 9.3";
			developmentRegion = en;
			hasScannedForEncodings = 0;
			knownRegions = (
				en,
				Base,
			);
			mainGroup = CB487A4F26D7B109004F6B87;
			productRefGroup = CB487A5A26D7B109004F6B87 /* Products */;
			projectDirPath = "";
			projectRoot = "";
			targets = (
				CB487A5826D7B109004F6B87 /* BugsnagRequestMonitor-iOS */,
				CB487A6126D7B109004F6B87 /* BugsnagRequestMonitor-iOSTests */,
				CB487A7C26D7B144004F6B87 /* BugsnagRequestMonitor-macOS */,
				CB487A8426D7B144004F6B87 /* BugsnagRequestMonitor-macOSTests */,
				CB487A9C26D7B172004F6B87 /* BugsnagRequestMonitor-tvOS */,
				CB487AA426D7B172004F6B87 /* BugsnagRequestMonitor-tvOSTests */,
			);
		};
/* End PBXProject section */

/* Begin PBXResourcesBuildPhase section */
		CB487A5726D7B109004F6B87 /* Resources */ = {
			isa = PBXResourcesBuildPhase;
			buildActionMask = 2147483647;
			files = (
			);
			runOnlyForDeploymentPostprocessing = 0;
		};
		CB487A6026D7B109004F6B87 /* Resources */ = {
			isa = PBXResourcesBuildPhase;
			buildActionMask = 2147483647;
			files = (
			);
			runOnlyForDeploymentPostprocessing = 0;
		};
		CB487A7B26D7B144004F6B87 /* Resources */ = {
			isa = PBXResourcesBuildPhase;
			buildActionMask = 2147483647;
			files = (
			);
			runOnlyForDeploymentPostprocessing = 0;
		};
		CB487A8326D7B144004F6B87 /* Resources */ = {
			isa = PBXResourcesBuildPhase;
			buildActionMask = 2147483647;
			files = (
			);
			runOnlyForDeploymentPostprocessing = 0;
		};
		CB487A9B26D7B172004F6B87 /* Resources */ = {
			isa = PBXResourcesBuildPhase;
			buildActionMask = 2147483647;
			files = (
			);
			runOnlyForDeploymentPostprocessing = 0;
		};
		CB487AA326D7B172004F6B87 /* Resources */ = {
			isa = PBXResourcesBuildPhase;
			buildActionMask = 2147483647;
			files = (
			);
			runOnlyForDeploymentPostprocessing = 0;
		};
/* End PBXResourcesBuildPhase section */

/* Begin PBXSourcesBuildPhase section */
		CB487A5526D7B109004F6B87 /* Sources */ = {
			isa = PBXSourcesBuildPhase;
			buildActionMask = 2147483647;
			files = (
				CB487EC126E11922004F6B87 /* BSFPRNetworkInstrumentHelpers.m in Sources */,
				CB487EA026E11922004F6B87 /* BSGULSwizzledObject.m in Sources */,
				CB487EF726E11922004F6B87 /* BSFPRObjectInstrumentor.m in Sources */,
				CB487ABF26D7B295004F6B87 /* BugsnagRequestMonitor.m in Sources */,
				CB487ECD26E11922004F6B87 /* BSFPRNSURLSessionDelegate.m in Sources */,
				CB487ECA26E11922004F6B87 /* BSFPRNSURLSessionDelegateInstrument.m in Sources */,
				CB487EA626E11922004F6B87 /* BSGULObjectSwizzler.m in Sources */,
				CB487EB526E11922004F6B87 /* BSFPRProxyObjectHelper.m in Sources */,
				CB487EF126E11922004F6B87 /* BSFPRClassInstrumentor.m in Sources */,
				CB487EBE26E11922004F6B87 /* BSFPRNetworkTrace.m in Sources */,
				CB487EBB26E11922004F6B87 /* BSFPRNSURLSessionInstrument.m in Sources */,
				CB487EE826E11922004F6B87 /* BSFPRConsoleLogger.m in Sources */,
				CB487E9726E11922004F6B87 /* BSGULSwizzler.m in Sources */,
				CB487EFA26E11922004F6B87 /* BSFPRSelectorInstrumentor.m in Sources */,
				CB487EE526E11922004F6B87 /* BSFPRInstrument.m in Sources */,
				CB487EB226E11922004F6B87 /* BSFPRTraceBackgroundActivityTracker.m in Sources */,
				CB487EDC26E11922004F6B87 /* BSFPRDataUtils.m in Sources */,
			);
			runOnlyForDeploymentPostprocessing = 0;
		};
		CB487A5E26D7B109004F6B87 /* Sources */ = {
			isa = PBXSourcesBuildPhase;
			buildActionMask = 2147483647;
			files = (
				CB487AC226D7B9DB004F6B87 /* BugsnagRequestMonitorTests.m in Sources */,
			);
			runOnlyForDeploymentPostprocessing = 0;
		};
		CB487A7926D7B144004F6B87 /* Sources */ = {
			isa = PBXSourcesBuildPhase;
			buildActionMask = 2147483647;
			files = (
				CB487EC226E11922004F6B87 /* BSFPRNetworkInstrumentHelpers.m in Sources */,
				CB487EA126E11922004F6B87 /* BSGULSwizzledObject.m in Sources */,
				CB487EF826E11922004F6B87 /* BSFPRObjectInstrumentor.m in Sources */,
				CB487AC026D7B295004F6B87 /* BugsnagRequestMonitor.m in Sources */,
				CB487ECE26E11922004F6B87 /* BSFPRNSURLSessionDelegate.m in Sources */,
				CB487ECB26E11922004F6B87 /* BSFPRNSURLSessionDelegateInstrument.m in Sources */,
				CB487EA726E11922004F6B87 /* BSGULObjectSwizzler.m in Sources */,
				CB487EB626E11922004F6B87 /* BSFPRProxyObjectHelper.m in Sources */,
				CB487EF226E11922004F6B87 /* BSFPRClassInstrumentor.m in Sources */,
				CB487EBF26E11922004F6B87 /* BSFPRNetworkTrace.m in Sources */,
				CB487EBC26E11922004F6B87 /* BSFPRNSURLSessionInstrument.m in Sources */,
				CB487EE926E11922004F6B87 /* BSFPRConsoleLogger.m in Sources */,
				CB487E9826E11922004F6B87 /* BSGULSwizzler.m in Sources */,
				CB487EFB26E11922004F6B87 /* BSFPRSelectorInstrumentor.m in Sources */,
				CB487EE626E11922004F6B87 /* BSFPRInstrument.m in Sources */,
				CB487EB326E11922004F6B87 /* BSFPRTraceBackgroundActivityTracker.m in Sources */,
				CB487EDD26E11922004F6B87 /* BSFPRDataUtils.m in Sources */,
			);
			runOnlyForDeploymentPostprocessing = 0;
		};
		CB487A8126D7B144004F6B87 /* Sources */ = {
			isa = PBXSourcesBuildPhase;
			buildActionMask = 2147483647;
			files = (
				CB487AC326D7B9DC004F6B87 /* BugsnagRequestMonitorTests.m in Sources */,
			);
			runOnlyForDeploymentPostprocessing = 0;
		};
		CB487A9926D7B172004F6B87 /* Sources */ = {
			isa = PBXSourcesBuildPhase;
			buildActionMask = 2147483647;
			files = (
				CB487EC326E11922004F6B87 /* BSFPRNetworkInstrumentHelpers.m in Sources */,
				CB487EA226E11922004F6B87 /* BSGULSwizzledObject.m in Sources */,
				CB487EF926E11922004F6B87 /* BSFPRObjectInstrumentor.m in Sources */,
				CB487AC126D7B295004F6B87 /* BugsnagRequestMonitor.m in Sources */,
				CB487ECF26E11922004F6B87 /* BSFPRNSURLSessionDelegate.m in Sources */,
				CB487ECC26E11922004F6B87 /* BSFPRNSURLSessionDelegateInstrument.m in Sources */,
				CB487EA826E11922004F6B87 /* BSGULObjectSwizzler.m in Sources */,
				CB487EB726E11922004F6B87 /* BSFPRProxyObjectHelper.m in Sources */,
				CB487EF326E11922004F6B87 /* BSFPRClassInstrumentor.m in Sources */,
				CB487EC026E11922004F6B87 /* BSFPRNetworkTrace.m in Sources */,
				CB487EBD26E11922004F6B87 /* BSFPRNSURLSessionInstrument.m in Sources */,
				CB487EEA26E11922004F6B87 /* BSFPRConsoleLogger.m in Sources */,
				CB487E9926E11922004F6B87 /* BSGULSwizzler.m in Sources */,
				CB487EFC26E11922004F6B87 /* BSFPRSelectorInstrumentor.m in Sources */,
				CB487EE726E11922004F6B87 /* BSFPRInstrument.m in Sources */,
				CB487EB426E11922004F6B87 /* BSFPRTraceBackgroundActivityTracker.m in Sources */,
				CB487EDE26E11922004F6B87 /* BSFPRDataUtils.m in Sources */,
			);
			runOnlyForDeploymentPostprocessing = 0;
		};
		CB487AA126D7B172004F6B87 /* Sources */ = {
			isa = PBXSourcesBuildPhase;
			buildActionMask = 2147483647;
			files = (
				CB487AC426D7B9DD004F6B87 /* BugsnagRequestMonitorTests.m in Sources */,
			);
			runOnlyForDeploymentPostprocessing = 0;
		};
/* End PBXSourcesBuildPhase section */

/* Begin PBXTargetDependency section */
		CB487A6526D7B109004F6B87 /* PBXTargetDependency */ = {
			isa = PBXTargetDependency;
			target = CB487A5826D7B109004F6B87 /* BugsnagRequestMonitor-iOS */;
			targetProxy = CB487A6426D7B109004F6B87 /* PBXContainerItemProxy */;
		};
		CB487A8826D7B144004F6B87 /* PBXTargetDependency */ = {
			isa = PBXTargetDependency;
			target = CB487A7C26D7B144004F6B87 /* BugsnagRequestMonitor-macOS */;
			targetProxy = CB487A8726D7B144004F6B87 /* PBXContainerItemProxy */;
		};
		CB487AA826D7B172004F6B87 /* PBXTargetDependency */ = {
			isa = PBXTargetDependency;
			target = CB487A9C26D7B172004F6B87 /* BugsnagRequestMonitor-tvOS */;
			targetProxy = CB487AA726D7B172004F6B87 /* PBXContainerItemProxy */;
		};
/* End PBXTargetDependency section */

/* Begin XCBuildConfiguration section */
		CB487A6B26D7B109004F6B87 /* Debug */ = {
			isa = XCBuildConfiguration;
			buildSettings = {
				ALWAYS_SEARCH_USER_PATHS = NO;
				CLANG_ANALYZER_NONNULL = YES;
				CLANG_ANALYZER_NUMBER_OBJECT_CONVERSION = YES_AGGRESSIVE;
				CLANG_CXX_LANGUAGE_STANDARD = "gnu++14";
				CLANG_CXX_LIBRARY = "libc++";
				CLANG_ENABLE_MODULES = YES;
				CLANG_ENABLE_OBJC_ARC = YES;
				CLANG_ENABLE_OBJC_WEAK = YES;
				CLANG_WARN_BLOCK_CAPTURE_AUTORELEASING = YES;
				CLANG_WARN_BOOL_CONVERSION = YES;
				CLANG_WARN_COMMA = YES;
				CLANG_WARN_CONSTANT_CONVERSION = YES;
				CLANG_WARN_DEPRECATED_OBJC_IMPLEMENTATIONS = YES;
				CLANG_WARN_DIRECT_OBJC_ISA_USAGE = YES_ERROR;
				CLANG_WARN_DOCUMENTATION_COMMENTS = YES;
				CLANG_WARN_EMPTY_BODY = YES;
				CLANG_WARN_ENUM_CONVERSION = YES;
				CLANG_WARN_INFINITE_RECURSION = YES;
				CLANG_WARN_INT_CONVERSION = YES;
				CLANG_WARN_NON_LITERAL_NULL_CONVERSION = YES;
				CLANG_WARN_OBJC_IMPLICIT_RETAIN_SELF = YES;
				CLANG_WARN_OBJC_LITERAL_CONVERSION = YES;
				CLANG_WARN_OBJC_ROOT_CLASS = YES_ERROR;
				CLANG_WARN_QUOTED_INCLUDE_IN_FRAMEWORK_HEADER = YES;
				CLANG_WARN_RANGE_LOOP_ANALYSIS = YES;
				CLANG_WARN_STRICT_PROTOTYPES = YES;
				CLANG_WARN_SUSPICIOUS_MOVE = YES;
				CLANG_WARN_UNGUARDED_AVAILABILITY = YES_AGGRESSIVE;
				CLANG_WARN_UNREACHABLE_CODE = YES;
				CLANG_WARN__DUPLICATE_METHOD_MATCH = YES;
				COPY_PHASE_STRIP = NO;
				CURRENT_PROJECT_VERSION = 1;
				DEBUG_INFORMATION_FORMAT = dwarf;
				ENABLE_STRICT_OBJC_MSGSEND = YES;
				ENABLE_TESTABILITY = YES;
				GCC_C_LANGUAGE_STANDARD = gnu11;
				GCC_DYNAMIC_NO_PIC = NO;
				GCC_NO_COMMON_BLOCKS = YES;
				GCC_OPTIMIZATION_LEVEL = 0;
				GCC_PREPROCESSOR_DEFINITIONS = (
					"DEBUG=1",
					"$(inherited)",
				);
				GCC_WARN_64_TO_32_BIT_CONVERSION = YES;
				GCC_WARN_ABOUT_RETURN_TYPE = YES_ERROR;
				GCC_WARN_UNDECLARED_SELECTOR = YES;
				GCC_WARN_UNINITIALIZED_AUTOS = YES_AGGRESSIVE;
				GCC_WARN_UNUSED_FUNCTION = YES;
				GCC_WARN_UNUSED_VARIABLE = YES;
				IPHONEOS_DEPLOYMENT_TARGET = 9.3;
				MTL_ENABLE_DEBUG_INFO = INCLUDE_SOURCE;
				MTL_FAST_MATH = YES;
				ONLY_ACTIVE_ARCH = YES;
				SDKROOT = iphoneos;
				VERSIONING_SYSTEM = "apple-generic";
				VERSION_INFO_PREFIX = "";
			};
			name = Debug;
		};
		CB487A6C26D7B109004F6B87 /* Release */ = {
			isa = XCBuildConfiguration;
			buildSettings = {
				ALWAYS_SEARCH_USER_PATHS = NO;
				CLANG_ANALYZER_NONNULL = YES;
				CLANG_ANALYZER_NUMBER_OBJECT_CONVERSION = YES_AGGRESSIVE;
				CLANG_CXX_LANGUAGE_STANDARD = "gnu++14";
				CLANG_CXX_LIBRARY = "libc++";
				CLANG_ENABLE_MODULES = YES;
				CLANG_ENABLE_OBJC_ARC = YES;
				CLANG_ENABLE_OBJC_WEAK = YES;
				CLANG_WARN_BLOCK_CAPTURE_AUTORELEASING = YES;
				CLANG_WARN_BOOL_CONVERSION = YES;
				CLANG_WARN_COMMA = YES;
				CLANG_WARN_CONSTANT_CONVERSION = YES;
				CLANG_WARN_DEPRECATED_OBJC_IMPLEMENTATIONS = YES;
				CLANG_WARN_DIRECT_OBJC_ISA_USAGE = YES_ERROR;
				CLANG_WARN_DOCUMENTATION_COMMENTS = YES;
				CLANG_WARN_EMPTY_BODY = YES;
				CLANG_WARN_ENUM_CONVERSION = YES;
				CLANG_WARN_INFINITE_RECURSION = YES;
				CLANG_WARN_INT_CONVERSION = YES;
				CLANG_WARN_NON_LITERAL_NULL_CONVERSION = YES;
				CLANG_WARN_OBJC_IMPLICIT_RETAIN_SELF = YES;
				CLANG_WARN_OBJC_LITERAL_CONVERSION = YES;
				CLANG_WARN_OBJC_ROOT_CLASS = YES_ERROR;
				CLANG_WARN_QUOTED_INCLUDE_IN_FRAMEWORK_HEADER = YES;
				CLANG_WARN_RANGE_LOOP_ANALYSIS = YES;
				CLANG_WARN_STRICT_PROTOTYPES = YES;
				CLANG_WARN_SUSPICIOUS_MOVE = YES;
				CLANG_WARN_UNGUARDED_AVAILABILITY = YES_AGGRESSIVE;
				CLANG_WARN_UNREACHABLE_CODE = YES;
				CLANG_WARN__DUPLICATE_METHOD_MATCH = YES;
				COPY_PHASE_STRIP = NO;
				CURRENT_PROJECT_VERSION = 1;
				DEBUG_INFORMATION_FORMAT = "dwarf-with-dsym";
				ENABLE_NS_ASSERTIONS = NO;
				ENABLE_STRICT_OBJC_MSGSEND = YES;
				GCC_C_LANGUAGE_STANDARD = gnu11;
				GCC_NO_COMMON_BLOCKS = YES;
				GCC_WARN_64_TO_32_BIT_CONVERSION = YES;
				GCC_WARN_ABOUT_RETURN_TYPE = YES_ERROR;
				GCC_WARN_UNDECLARED_SELECTOR = YES;
				GCC_WARN_UNINITIALIZED_AUTOS = YES_AGGRESSIVE;
				GCC_WARN_UNUSED_FUNCTION = YES;
				GCC_WARN_UNUSED_VARIABLE = YES;
				IPHONEOS_DEPLOYMENT_TARGET = 9.3;
				MTL_ENABLE_DEBUG_INFO = NO;
				MTL_FAST_MATH = YES;
				SDKROOT = iphoneos;
				VALIDATE_PRODUCT = YES;
				VERSIONING_SYSTEM = "apple-generic";
				VERSION_INFO_PREFIX = "";
			};
			name = Release;
		};
		CB487A6E26D7B109004F6B87 /* Debug */ = {
			isa = XCBuildConfiguration;
			buildSettings = {
				CODE_SIGN_STYLE = Automatic;
				DEFINES_MODULE = YES;
				DEVELOPMENT_TEAM = 372ZUL2ZB7;
				DYLIB_COMPATIBILITY_VERSION = 1;
				DYLIB_CURRENT_VERSION = 1;
				DYLIB_INSTALL_NAME_BASE = "@rpath";
				INFOPLIST_FILE = BugsnagRequestMonitor/Info.plist;
				INSTALL_PATH = "$(LOCAL_LIBRARY_DIR)/Frameworks";
				IPHONEOS_DEPLOYMENT_TARGET = 9.3;
				LD_RUNPATH_SEARCH_PATHS = (
					"$(inherited)",
					"@executable_path/Frameworks",
					"@loader_path/Frameworks",
				);
				PRODUCT_BUNDLE_IDENTIFIER = com.bugsnag.BugsnagRequestMonitor;
				PRODUCT_NAME = BugsnagRequestMonitor;
				SKIP_INSTALL = YES;
				TARGETED_DEVICE_FAMILY = "1,2";
			};
			name = Debug;
		};
		CB487A6F26D7B109004F6B87 /* Release */ = {
			isa = XCBuildConfiguration;
			buildSettings = {
				CODE_SIGN_STYLE = Automatic;
				DEFINES_MODULE = YES;
				DEVELOPMENT_TEAM = 372ZUL2ZB7;
				DYLIB_COMPATIBILITY_VERSION = 1;
				DYLIB_CURRENT_VERSION = 1;
				DYLIB_INSTALL_NAME_BASE = "@rpath";
				INFOPLIST_FILE = BugsnagRequestMonitor/Info.plist;
				INSTALL_PATH = "$(LOCAL_LIBRARY_DIR)/Frameworks";
				IPHONEOS_DEPLOYMENT_TARGET = 9.3;
				LD_RUNPATH_SEARCH_PATHS = (
					"$(inherited)",
					"@executable_path/Frameworks",
					"@loader_path/Frameworks",
				);
				PRODUCT_BUNDLE_IDENTIFIER = com.bugsnag.BugsnagRequestMonitor;
				PRODUCT_NAME = BugsnagRequestMonitor;
				SKIP_INSTALL = YES;
				TARGETED_DEVICE_FAMILY = "1,2";
			};
			name = Release;
		};
		CB487A7126D7B109004F6B87 /* Debug */ = {
			isa = XCBuildConfiguration;
			buildSettings = {
				CODE_SIGN_STYLE = Automatic;
				DEVELOPMENT_TEAM = 372ZUL2ZB7;
				INFOPLIST_FILE = BugsnagRequestMonitorTests/Info.plist;
				LD_RUNPATH_SEARCH_PATHS = (
					"$(inherited)",
					"@executable_path/Frameworks",
					"@loader_path/Frameworks",
				);
				PRODUCT_BUNDLE_IDENTIFIER = com.bugsnag.BugsnagRequestMonitorTests;
				PRODUCT_NAME = "$(TARGET_NAME)";
				TARGETED_DEVICE_FAMILY = "1,2";
			};
			name = Debug;
		};
		CB487A7226D7B109004F6B87 /* Release */ = {
			isa = XCBuildConfiguration;
			buildSettings = {
				CODE_SIGN_STYLE = Automatic;
				DEVELOPMENT_TEAM = 372ZUL2ZB7;
				INFOPLIST_FILE = BugsnagRequestMonitorTests/Info.plist;
				LD_RUNPATH_SEARCH_PATHS = (
					"$(inherited)",
					"@executable_path/Frameworks",
					"@loader_path/Frameworks",
				);
				PRODUCT_BUNDLE_IDENTIFIER = com.bugsnag.BugsnagRequestMonitorTests;
				PRODUCT_NAME = "$(TARGET_NAME)";
				TARGETED_DEVICE_FAMILY = "1,2";
			};
			name = Release;
		};
		CB487A8F26D7B144004F6B87 /* Debug */ = {
			isa = XCBuildConfiguration;
			buildSettings = {
				CODE_SIGN_STYLE = Automatic;
				COMBINE_HIDPI_IMAGES = YES;
				DEFINES_MODULE = YES;
				DEVELOPMENT_TEAM = 372ZUL2ZB7;
				DYLIB_COMPATIBILITY_VERSION = 1;
				DYLIB_CURRENT_VERSION = 1;
				DYLIB_INSTALL_NAME_BASE = "@rpath";
				INFOPLIST_FILE = BugsnagRequestMonitor/Info.plist;
				INSTALL_PATH = "$(LOCAL_LIBRARY_DIR)/Frameworks";
				LD_RUNPATH_SEARCH_PATHS = (
					"$(inherited)",
					"@executable_path/../Frameworks",
					"@loader_path/Frameworks",
				);
				MACOSX_DEPLOYMENT_TARGET = 10.11;
				PRODUCT_BUNDLE_IDENTIFIER = com.bugsnag.BugsnagRequestMonitor;
				PRODUCT_NAME = BugsnagRequestMonitor;
				SDKROOT = macosx;
				SKIP_INSTALL = YES;
			};
			name = Debug;
		};
		CB487A9026D7B144004F6B87 /* Release */ = {
			isa = XCBuildConfiguration;
			buildSettings = {
				CODE_SIGN_STYLE = Automatic;
				COMBINE_HIDPI_IMAGES = YES;
				DEFINES_MODULE = YES;
				DEVELOPMENT_TEAM = 372ZUL2ZB7;
				DYLIB_COMPATIBILITY_VERSION = 1;
				DYLIB_CURRENT_VERSION = 1;
				DYLIB_INSTALL_NAME_BASE = "@rpath";
				INFOPLIST_FILE = BugsnagRequestMonitor/Info.plist;
				INSTALL_PATH = "$(LOCAL_LIBRARY_DIR)/Frameworks";
				LD_RUNPATH_SEARCH_PATHS = (
					"$(inherited)",
					"@executable_path/../Frameworks",
					"@loader_path/Frameworks",
				);
				MACOSX_DEPLOYMENT_TARGET = 10.11;
				PRODUCT_BUNDLE_IDENTIFIER = com.bugsnag.BugsnagRequestMonitor;
				PRODUCT_NAME = BugsnagRequestMonitor;
				SDKROOT = macosx;
				SKIP_INSTALL = YES;
			};
			name = Release;
		};
		CB487A9226D7B144004F6B87 /* Debug */ = {
			isa = XCBuildConfiguration;
			buildSettings = {
				CODE_SIGN_STYLE = Automatic;
				COMBINE_HIDPI_IMAGES = YES;
				DEVELOPMENT_TEAM = 372ZUL2ZB7;
				INFOPLIST_FILE = BugsnagRequestMonitorTests/Info.plist;
				LD_RUNPATH_SEARCH_PATHS = (
					"$(inherited)",
					"@executable_path/../Frameworks",
					"@loader_path/../Frameworks",
				);
				MACOSX_DEPLOYMENT_TARGET = 10.11;
				PRODUCT_BUNDLE_IDENTIFIER = com.bugsnag.BugsnagRequestMonitorTests;
				PRODUCT_NAME = "$(TARGET_NAME)";
				SDKROOT = macosx;
			};
			name = Debug;
		};
		CB487A9326D7B144004F6B87 /* Release */ = {
			isa = XCBuildConfiguration;
			buildSettings = {
				CODE_SIGN_STYLE = Automatic;
				COMBINE_HIDPI_IMAGES = YES;
				DEVELOPMENT_TEAM = 372ZUL2ZB7;
				INFOPLIST_FILE = BugsnagRequestMonitorTests/Info.plist;
				LD_RUNPATH_SEARCH_PATHS = (
					"$(inherited)",
					"@executable_path/../Frameworks",
					"@loader_path/../Frameworks",
				);
				MACOSX_DEPLOYMENT_TARGET = 10.11;
				PRODUCT_BUNDLE_IDENTIFIER = com.bugsnag.BugsnagRequestMonitorTests;
				PRODUCT_NAME = "$(TARGET_NAME)";
				SDKROOT = macosx;
			};
			name = Release;
		};
		CB487AAF26D7B172004F6B87 /* Debug */ = {
			isa = XCBuildConfiguration;
			buildSettings = {
				CODE_SIGN_STYLE = Automatic;
				DEFINES_MODULE = YES;
				DEVELOPMENT_TEAM = 372ZUL2ZB7;
				DYLIB_COMPATIBILITY_VERSION = 1;
				DYLIB_CURRENT_VERSION = 1;
				DYLIB_INSTALL_NAME_BASE = "@rpath";
				INFOPLIST_FILE = BugsnagRequestMonitor/Info.plist;
				INSTALL_PATH = "$(LOCAL_LIBRARY_DIR)/Frameworks";
				LD_RUNPATH_SEARCH_PATHS = (
					"$(inherited)",
					"@executable_path/Frameworks",
					"@loader_path/Frameworks",
				);
				PRODUCT_BUNDLE_IDENTIFIER = com.bugsnag.BugsnagRequestMonitor;
				PRODUCT_NAME = BugsnagRequestMonitor;
				SDKROOT = appletvos;
				SKIP_INSTALL = YES;
				TARGETED_DEVICE_FAMILY = 3;
				TVOS_DEPLOYMENT_TARGET = 9.2;
			};
			name = Debug;
		};
		CB487AB026D7B172004F6B87 /* Release */ = {
			isa = XCBuildConfiguration;
			buildSettings = {
				CODE_SIGN_STYLE = Automatic;
				DEFINES_MODULE = YES;
				DEVELOPMENT_TEAM = 372ZUL2ZB7;
				DYLIB_COMPATIBILITY_VERSION = 1;
				DYLIB_CURRENT_VERSION = 1;
				DYLIB_INSTALL_NAME_BASE = "@rpath";
				INFOPLIST_FILE = BugsnagRequestMonitor/Info.plist;
				INSTALL_PATH = "$(LOCAL_LIBRARY_DIR)/Frameworks";
				LD_RUNPATH_SEARCH_PATHS = (
					"$(inherited)",
					"@executable_path/Frameworks",
					"@loader_path/Frameworks",
				);
				PRODUCT_BUNDLE_IDENTIFIER = com.bugsnag.BugsnagRequestMonitor;
				PRODUCT_NAME = BugsnagRequestMonitor;
				SDKROOT = appletvos;
				SKIP_INSTALL = YES;
				TARGETED_DEVICE_FAMILY = 3;
				TVOS_DEPLOYMENT_TARGET = 9.2;
			};
			name = Release;
		};
		CB487AB226D7B172004F6B87 /* Debug */ = {
			isa = XCBuildConfiguration;
			buildSettings = {
				CODE_SIGN_STYLE = Automatic;
				DEVELOPMENT_TEAM = 372ZUL2ZB7;
				INFOPLIST_FILE = BugsnagRequestMonitorTests/Info.plist;
				LD_RUNPATH_SEARCH_PATHS = (
					"$(inherited)",
					"@executable_path/Frameworks",
					"@loader_path/Frameworks",
				);
				PRODUCT_BUNDLE_IDENTIFIER = com.bugsnag.BugsnagRequestMonitorTests;
				PRODUCT_NAME = "$(TARGET_NAME)";
				SDKROOT = appletvos;
				TARGETED_DEVICE_FAMILY = 3;
				TVOS_DEPLOYMENT_TARGET = 9.2;
			};
			name = Debug;
		};
		CB487AB326D7B172004F6B87 /* Release */ = {
			isa = XCBuildConfiguration;
			buildSettings = {
				CODE_SIGN_STYLE = Automatic;
				DEVELOPMENT_TEAM = 372ZUL2ZB7;
				INFOPLIST_FILE = BugsnagRequestMonitorTests/Info.plist;
				LD_RUNPATH_SEARCH_PATHS = (
					"$(inherited)",
					"@executable_path/Frameworks",
					"@loader_path/Frameworks",
				);
				PRODUCT_BUNDLE_IDENTIFIER = com.bugsnag.BugsnagRequestMonitorTests;
				PRODUCT_NAME = "$(TARGET_NAME)";
				SDKROOT = appletvos;
				TARGETED_DEVICE_FAMILY = 3;
				TVOS_DEPLOYMENT_TARGET = 9.2;
			};
			name = Release;
		};
/* End XCBuildConfiguration section */

/* Begin XCConfigurationList section */
		CB487A5326D7B109004F6B87 /* Build configuration list for PBXProject "BugsnagRequestMonitor" */ = {
			isa = XCConfigurationList;
			buildConfigurations = (
				CB487A6B26D7B109004F6B87 /* Debug */,
				CB487A6C26D7B109004F6B87 /* Release */,
			);
			defaultConfigurationIsVisible = 0;
			defaultConfigurationName = Release;
		};
		CB487A6D26D7B109004F6B87 /* Build configuration list for PBXNativeTarget "BugsnagRequestMonitor-iOS" */ = {
			isa = XCConfigurationList;
			buildConfigurations = (
				CB487A6E26D7B109004F6B87 /* Debug */,
				CB487A6F26D7B109004F6B87 /* Release */,
			);
			defaultConfigurationIsVisible = 0;
			defaultConfigurationName = Release;
		};
		CB487A7026D7B109004F6B87 /* Build configuration list for PBXNativeTarget "BugsnagRequestMonitor-iOSTests" */ = {
			isa = XCConfigurationList;
			buildConfigurations = (
				CB487A7126D7B109004F6B87 /* Debug */,
				CB487A7226D7B109004F6B87 /* Release */,
			);
			defaultConfigurationIsVisible = 0;
			defaultConfigurationName = Release;
		};
		CB487A8E26D7B144004F6B87 /* Build configuration list for PBXNativeTarget "BugsnagRequestMonitor-macOS" */ = {
			isa = XCConfigurationList;
			buildConfigurations = (
				CB487A8F26D7B144004F6B87 /* Debug */,
				CB487A9026D7B144004F6B87 /* Release */,
			);
			defaultConfigurationIsVisible = 0;
			defaultConfigurationName = Release;
		};
		CB487A9126D7B144004F6B87 /* Build configuration list for PBXNativeTarget "BugsnagRequestMonitor-macOSTests" */ = {
			isa = XCConfigurationList;
			buildConfigurations = (
				CB487A9226D7B144004F6B87 /* Debug */,
				CB487A9326D7B144004F6B87 /* Release */,
			);
			defaultConfigurationIsVisible = 0;
			defaultConfigurationName = Release;
		};
		CB487AAE26D7B172004F6B87 /* Build configuration list for PBXNativeTarget "BugsnagRequestMonitor-tvOS" */ = {
			isa = XCConfigurationList;
			buildConfigurations = (
				CB487AAF26D7B172004F6B87 /* Debug */,
				CB487AB026D7B172004F6B87 /* Release */,
			);
			defaultConfigurationIsVisible = 0;
			defaultConfigurationName = Release;
		};
		CB487AB126D7B172004F6B87 /* Build configuration list for PBXNativeTarget "BugsnagRequestMonitor-tvOSTests" */ = {
			isa = XCConfigurationList;
			buildConfigurations = (
				CB487AB226D7B172004F6B87 /* Debug */,
				CB487AB326D7B172004F6B87 /* Release */,
			);
			defaultConfigurationIsVisible = 0;
			defaultConfigurationName = Release;
		};
/* End XCConfigurationList section */
	};
	rootObject = CB487A5026D7B109004F6B87 /* Project object */;
}
