// !$*UTF8*$!
{
	archiveVersion = 1;
	classes = {
	};
	objectVersion = 48;
	objects = {

/* Begin PBXBuildFile section */
		8AB8866420404DD30003E444 /* AppDelegate.swift in Sources */ = {isa = PBXBuildFile; fileRef = 8AB8866320404DD30003E444 /* AppDelegate.swift */; };
		8AB8866620404DD30003E444 /* ViewController.swift in Sources */ = {isa = PBXBuildFile; fileRef = 8AB8866520404DD30003E444 /* ViewController.swift */; };
		8AB8866920404DD30003E444 /* Main.storyboard in Resources */ = {isa = PBXBuildFile; fileRef = 8AB8866720404DD30003E444 /* Main.storyboard */; };
		8AB8866B20404DD30003E444 /* Assets.xcassets in Resources */ = {isa = PBXBuildFile; fileRef = 8AB8866A20404DD30003E444 /* Assets.xcassets */; };
		8AB8866E20404DD30003E444 /* LaunchScreen.storyboard in Resources */ = {isa = PBXBuildFile; fileRef = 8AB8866C20404DD30003E444 /* LaunchScreen.storyboard */; };
		C4D0B5FF8E60C0835B86DFE9 /* Pods_iOSTestApp.framework in Frameworks */ = {isa = PBXBuildFile; fileRef = 4994F05E0421A0B037DD2CC5 /* Pods_iOSTestApp.framework */; };
		F429502603396F8671B333B3 /* HandledExceptionScenario.swift in Sources */ = {isa = PBXBuildFile; fileRef = F429526319377A8848136413 /* HandledExceptionScenario.swift */; };
		F429526EE1BC60C5CA5F8A74 /* Wait.swift in Sources */ = {isa = PBXBuildFile; fileRef = F42952865EF124B92FF9AB7F /* Wait.swift */; };
		F429561C9CFE8750B030F369 /* NSExceptionScenario.swift in Sources */ = {isa = PBXBuildFile; fileRef = F42957FA1A3724BFBDC22E14 /* NSExceptionScenario.swift */; };
		F42956EC2A7B963366F45C4A /* Scenario.swift in Sources */ = {isa = PBXBuildFile; fileRef = F42952B9C6DAFE4A22BE1D80 /* Scenario.swift */; };
		F4295A7AA9B4A18992A2F020 /* HandledErrorOverrideScenario.swift in Sources */ = {isa = PBXBuildFile; fileRef = F4295FA8EBBA645EECF7B483 /* HandledErrorOverrideScenario.swift */; };
		F4295A94DD2D131A594A212C /* HandledErrorScenario.swift in Sources */ = {isa = PBXBuildFile; fileRef = F4295A364B3851D3811BC648 /* HandledErrorScenario.swift */; };
		F429526EE1BC60C5CA5F8A74 /* Wait.swift in Sources */ = {isa = PBXBuildFile; fileRef = F42952865EF124B92FF9AB7F /* Wait.swift */; };
		F429561C9CFE8750B030F369 /* NSExceptionScenario.swift in Sources */ = {isa = PBXBuildFile; fileRef = F42957FA1A3724BFBDC22E14 /* NSExceptionScenario.swift */; };
		F42956EC2A7B963366F45C4A /* Scenario.swift in Sources */ = {isa = PBXBuildFile; fileRef = F42952B9C6DAFE4A22BE1D80 /* Scenario.swift */; };
/* End PBXBuildFile section */

/* Begin PBXFileReference section */
		4994F05E0421A0B037DD2CC5 /* Pods_iOSTestApp.framework */ = {isa = PBXFileReference; explicitFileType = wrapper.framework; includeInIndex = 0; path = Pods_iOSTestApp.framework; sourceTree = BUILT_PRODUCTS_DIR; };
		8AB8866020404DD30003E444 /* iOSTestApp.app */ = {isa = PBXFileReference; explicitFileType = wrapper.application; includeInIndex = 0; path = iOSTestApp.app; sourceTree = BUILT_PRODUCTS_DIR; };
		8AB8866320404DD30003E444 /* AppDelegate.swift */ = {isa = PBXFileReference; lastKnownFileType = sourcecode.swift; path = AppDelegate.swift; sourceTree = "<group>"; };
		8AB8866520404DD30003E444 /* ViewController.swift */ = {isa = PBXFileReference; lastKnownFileType = sourcecode.swift; path = ViewController.swift; sourceTree = "<group>"; };
		8AB8866820404DD30003E444 /* Base */ = {isa = PBXFileReference; lastKnownFileType = file.storyboard; name = Base; path = Base.lproj/Main.storyboard; sourceTree = "<group>"; };
		8AB8866A20404DD30003E444 /* Assets.xcassets */ = {isa = PBXFileReference; lastKnownFileType = folder.assetcatalog; path = Assets.xcassets; sourceTree = "<group>"; };
		8AB8866D20404DD30003E444 /* Base */ = {isa = PBXFileReference; lastKnownFileType = file.storyboard; name = Base; path = Base.lproj/LaunchScreen.storyboard; sourceTree = "<group>"; };
		8AB8866F20404DD30003E444 /* Info.plist */ = {isa = PBXFileReference; lastKnownFileType = text.plist.xml; path = Info.plist; sourceTree = "<group>"; };
		8AB88675204052990003E444 /* iOSTestApp-Bridging-Header.h */ = {isa = PBXFileReference; lastKnownFileType = sourcecode.c.h; path = "iOSTestApp-Bridging-Header.h"; sourceTree = "<group>"; };
		960A6E7D4E847F1D76A4FD06 /* Pods-iOSTestApp.release.xcconfig */ = {isa = PBXFileReference; includeInIndex = 1; lastKnownFileType = text.xcconfig; name = "Pods-iOSTestApp.release.xcconfig"; path = "Pods/Target Support Files/Pods-iOSTestApp/Pods-iOSTestApp.release.xcconfig"; sourceTree = "<group>"; };
		EE18B3777C62D7BCA8DDBE30 /* Pods-iOSTestApp.debug.xcconfig */ = {isa = PBXFileReference; includeInIndex = 1; lastKnownFileType = text.xcconfig; name = "Pods-iOSTestApp.debug.xcconfig"; path = "Pods/Target Support Files/Pods-iOSTestApp/Pods-iOSTestApp.debug.xcconfig"; sourceTree = "<group>"; };
		F429526319377A8848136413 /* HandledExceptionScenario.swift */ = {isa = PBXFileReference; fileEncoding = 4; lastKnownFileType = sourcecode.swift; path = HandledExceptionScenario.swift; sourceTree = "<group>"; };
		F42952865EF124B92FF9AB7F /* Wait.swift */ = {isa = PBXFileReference; fileEncoding = 4; lastKnownFileType = sourcecode.swift; path = Wait.swift; sourceTree = "<group>"; };
		F42952B9C6DAFE4A22BE1D80 /* Scenario.swift */ = {isa = PBXFileReference; fileEncoding = 4; lastKnownFileType = sourcecode.swift; path = Scenario.swift; sourceTree = "<group>"; };
		F42957FA1A3724BFBDC22E14 /* NSExceptionScenario.swift */ = {isa = PBXFileReference; fileEncoding = 4; lastKnownFileType = sourcecode.swift; path = NSExceptionScenario.swift; sourceTree = "<group>"; };
		F4295A364B3851D3811BC648 /* HandledErrorScenario.swift */ = {isa = PBXFileReference; fileEncoding = 4; lastKnownFileType = sourcecode.swift; path = HandledErrorScenario.swift; sourceTree = "<group>"; };
		F4295FA8EBBA645EECF7B483 /* HandledErrorOverrideScenario.swift */ = {isa = PBXFileReference; fileEncoding = 4; lastKnownFileType = sourcecode.swift; path = HandledErrorOverrideScenario.swift; sourceTree = "<group>"; };
		F42952865EF124B92FF9AB7F /* Wait.swift */ = {isa = PBXFileReference; fileEncoding = 4; lastKnownFileType = sourcecode.swift; path = Wait.swift; sourceTree = "<group>"; };
		F42952B9C6DAFE4A22BE1D80 /* Scenario.swift */ = {isa = PBXFileReference; fileEncoding = 4; lastKnownFileType = sourcecode.swift; path = Scenario.swift; sourceTree = "<group>"; };
		F42957FA1A3724BFBDC22E14 /* NSExceptionScenario.swift */ = {isa = PBXFileReference; fileEncoding = 4; lastKnownFileType = sourcecode.swift; path = NSExceptionScenario.swift; sourceTree = "<group>"; };
/* End PBXFileReference section */

/* Begin PBXFrameworksBuildPhase section */
		8AB8865D20404DD30003E444 /* Frameworks */ = {
			isa = PBXFrameworksBuildPhase;
			buildActionMask = 2147483647;
			files = (
				C4D0B5FF8E60C0835B86DFE9 /* Pods_iOSTestApp.framework in Frameworks */,
			);
			runOnlyForDeploymentPostprocessing = 0;
		};
/* End PBXFrameworksBuildPhase section */

/* Begin PBXGroup section */
		766544C7A8D300F9E8DB17A5 /* Pods */ = {
			isa = PBXGroup;
			children = (
				EE18B3777C62D7BCA8DDBE30 /* Pods-iOSTestApp.debug.xcconfig */,
				960A6E7D4E847F1D76A4FD06 /* Pods-iOSTestApp.release.xcconfig */,
			);
			name = Pods;
			sourceTree = "<group>";
		};
		8AB8865720404DD30003E444 = {
			isa = PBXGroup;
			children = (
				8AB8866220404DD30003E444 /* iOSTestApp */,
				8AB8866120404DD30003E444 /* Products */,
				766544C7A8D300F9E8DB17A5 /* Pods */,
				D018DCE3210BCB4D0B8FA6D2 /* Frameworks */,
			);
			sourceTree = "<group>";
		};
		8AB8866120404DD30003E444 /* Products */ = {
			isa = PBXGroup;
			children = (
				8AB8866020404DD30003E444 /* iOSTestApp.app */,
			);
			name = Products;
			sourceTree = "<group>";
		};
		8AB8866220404DD30003E444 /* iOSTestApp */ = {
			isa = PBXGroup;
			children = (
				8AB8866320404DD30003E444 /* AppDelegate.swift */,
				8AB8866520404DD30003E444 /* ViewController.swift */,
				8AB8866720404DD30003E444 /* Main.storyboard */,
				8AB8866A20404DD30003E444 /* Assets.xcassets */,
				8AB8866C20404DD30003E444 /* LaunchScreen.storyboard */,
				8AB8866F20404DD30003E444 /* Info.plist */,
				8AB88675204052990003E444 /* iOSTestApp-Bridging-Header.h */,
				F42953DE2BB41023C0B07F41 /* scenarios */,
			);
			path = iOSTestApp;
			sourceTree = "<group>";
		};
		D018DCE3210BCB4D0B8FA6D2 /* Frameworks */ = {
			isa = PBXGroup;
			children = (
				4994F05E0421A0B037DD2CC5 /* Pods_iOSTestApp.framework */,
			);
			name = Frameworks;
			sourceTree = "<group>";
		};
		F42953DE2BB41023C0B07F41 /* scenarios */ = {
			isa = PBXGroup;
			children = (
				F42957FA1A3724BFBDC22E14 /* NSExceptionScenario.swift */,
				F42952B9C6DAFE4A22BE1D80 /* Scenario.swift */,
				F42952865EF124B92FF9AB7F /* Wait.swift */,
				F4295A364B3851D3811BC648 /* HandledErrorScenario.swift */,
				F4295FA8EBBA645EECF7B483 /* HandledErrorOverrideScenario.swift */,
				F429526319377A8848136413 /* HandledExceptionScenario.swift */,
			);
			path = scenarios;
			sourceTree = "<group>";
		};
/* End PBXGroup section */

/* Begin PBXNativeTarget section */
		8AB8865F20404DD30003E444 /* iOSTestApp */ = {
			isa = PBXNativeTarget;
			buildConfigurationList = 8AB8867220404DD30003E444 /* Build configuration list for PBXNativeTarget "iOSTestApp" */;
			buildPhases = (
				37D5932254A32D03D471323C /* [CP] Check Pods Manifest.lock */,
				8AB8865C20404DD30003E444 /* Sources */,
				8AB8865D20404DD30003E444 /* Frameworks */,
				8AB8865E20404DD30003E444 /* Resources */,
				4D2139E03F8B071F7DB7C7A6 /* [CP] Embed Pods Frameworks */,
				421E0803F4159BB79BC285F5 /* [CP] Copy Pods Resources */,
			);
			buildRules = (
			);
			dependencies = (
			);
			name = iOSTestApp;
			productName = iOSTestApp;
			productReference = 8AB8866020404DD30003E444 /* iOSTestApp.app */;
			productType = "com.apple.product-type.application";
		};
/* End PBXNativeTarget section */

/* Begin PBXProject section */
		8AB8865820404DD30003E444 /* Project object */ = {
			isa = PBXProject;
			attributes = {
				LastSwiftUpdateCheck = 0920;
				LastUpgradeCheck = 0920;
				ORGANIZATIONNAME = Bugsnag;
				TargetAttributes = {
					8AB8865F20404DD30003E444 = {
						CreatedOnToolsVersion = 9.2;
						LastSwiftMigration = 0920;
						ProvisioningStyle = Automatic;
					};
				};
			};
			buildConfigurationList = 8AB8865B20404DD30003E444 /* Build configuration list for PBXProject "iOSTestApp" */;
			compatibilityVersion = "Xcode 8.0";
			developmentRegion = en;
			hasScannedForEncodings = 0;
			knownRegions = (
				en,
				Base,
			);
			mainGroup = 8AB8865720404DD30003E444;
			productRefGroup = 8AB8866120404DD30003E444 /* Products */;
			projectDirPath = "";
			projectRoot = "";
			targets = (
				8AB8865F20404DD30003E444 /* iOSTestApp */,
			);
		};
/* End PBXProject section */

/* Begin PBXResourcesBuildPhase section */
		8AB8865E20404DD30003E444 /* Resources */ = {
			isa = PBXResourcesBuildPhase;
			buildActionMask = 2147483647;
			files = (
				8AB8866E20404DD30003E444 /* LaunchScreen.storyboard in Resources */,
				8AB8866B20404DD30003E444 /* Assets.xcassets in Resources */,
				8AB8866920404DD30003E444 /* Main.storyboard in Resources */,
			);
			runOnlyForDeploymentPostprocessing = 0;
		};
/* End PBXResourcesBuildPhase section */

/* Begin PBXShellScriptBuildPhase section */
		37D5932254A32D03D471323C /* [CP] Check Pods Manifest.lock */ = {
			isa = PBXShellScriptBuildPhase;
			buildActionMask = 2147483647;
			files = (
			);
			inputPaths = (
				"${PODS_PODFILE_DIR_PATH}/Podfile.lock",
				"${PODS_ROOT}/Manifest.lock",
			);
			name = "[CP] Check Pods Manifest.lock";
			outputPaths = (
				"$(DERIVED_FILE_DIR)/Pods-iOSTestApp-checkManifestLockResult.txt",
			);
			runOnlyForDeploymentPostprocessing = 0;
			shellPath = /bin/sh;
			shellScript = "diff \"${PODS_PODFILE_DIR_PATH}/Podfile.lock\" \"${PODS_ROOT}/Manifest.lock\" > /dev/null\nif [ $? != 0 ] ; then\n    # print error to STDERR\n    echo \"error: The sandbox is not in sync with the Podfile.lock. Run 'pod install' or update your CocoaPods installation.\" >&2\n    exit 1\nfi\n# This output is used by Xcode 'outputs' to avoid re-running this script phase.\necho \"SUCCESS\" > \"${SCRIPT_OUTPUT_FILE_0}\"\n";
			showEnvVarsInLog = 0;
		};
		421E0803F4159BB79BC285F5 /* [CP] Copy Pods Resources */ = {
			isa = PBXShellScriptBuildPhase;
			buildActionMask = 2147483647;
			files = (
			);
			inputPaths = (
			);
			name = "[CP] Copy Pods Resources";
			outputPaths = (
			);
			runOnlyForDeploymentPostprocessing = 0;
			shellPath = /bin/sh;
			shellScript = "\"${SRCROOT}/Pods/Target Support Files/Pods-iOSTestApp/Pods-iOSTestApp-resources.sh\"\n";
			showEnvVarsInLog = 0;
		};
		4D2139E03F8B071F7DB7C7A6 /* [CP] Embed Pods Frameworks */ = {
			isa = PBXShellScriptBuildPhase;
			buildActionMask = 2147483647;
			files = (
			);
			inputPaths = (
				"${SRCROOT}/Pods/Target Support Files/Pods-iOSTestApp/Pods-iOSTestApp-frameworks.sh",
				"${BUILT_PRODUCTS_DIR}/Bugsnag/Bugsnag.framework",
			);
			name = "[CP] Embed Pods Frameworks";
			outputPaths = (
				"${TARGET_BUILD_DIR}/${FRAMEWORKS_FOLDER_PATH}/Bugsnag.framework",
			);
			runOnlyForDeploymentPostprocessing = 0;
			shellPath = /bin/sh;
			shellScript = "\"${SRCROOT}/Pods/Target Support Files/Pods-iOSTestApp/Pods-iOSTestApp-frameworks.sh\"\n";
			showEnvVarsInLog = 0;
		};
/* End PBXShellScriptBuildPhase section */

/* Begin PBXSourcesBuildPhase section */
		8AB8865C20404DD30003E444 /* Sources */ = {
			isa = PBXSourcesBuildPhase;
			buildActionMask = 2147483647;
			files = (
				8AB8866620404DD30003E444 /* ViewController.swift in Sources */,
				8AB8866420404DD30003E444 /* AppDelegate.swift in Sources */,
				F429561C9CFE8750B030F369 /* NSExceptionScenario.swift in Sources */,
				F42956EC2A7B963366F45C4A /* Scenario.swift in Sources */,
				F429526EE1BC60C5CA5F8A74 /* Wait.swift in Sources */,
				F4295A94DD2D131A594A212C /* HandledErrorScenario.swift in Sources */,
				F4295A7AA9B4A18992A2F020 /* HandledErrorOverrideScenario.swift in Sources */,
				F429502603396F8671B333B3 /* HandledExceptionScenario.swift in Sources */,
			);
			runOnlyForDeploymentPostprocessing = 0;
		};
/* End PBXSourcesBuildPhase section */

/* Begin PBXVariantGroup section */
		8AB8866720404DD30003E444 /* Main.storyboard */ = {
			isa = PBXVariantGroup;
			children = (
				8AB8866820404DD30003E444 /* Base */,
			);
			name = Main.storyboard;
			sourceTree = "<group>";
		};
		8AB8866C20404DD30003E444 /* LaunchScreen.storyboard */ = {
			isa = PBXVariantGroup;
			children = (
				8AB8866D20404DD30003E444 /* Base */,
			);
			name = LaunchScreen.storyboard;
			sourceTree = "<group>";
		};
/* End PBXVariantGroup section */

/* Begin XCBuildConfiguration section */
		8AB8867020404DD30003E444 /* Debug */ = {
			isa = XCBuildConfiguration;
			buildSettings = {
				ALWAYS_SEARCH_USER_PATHS = NO;
				CLANG_ANALYZER_NONNULL = YES;
				CLANG_ANALYZER_NUMBER_OBJECT_CONVERSION = YES_AGGRESSIVE;
				CLANG_CXX_LANGUAGE_STANDARD = "gnu++14";
				CLANG_CXX_LIBRARY = "libc++";
				CLANG_ENABLE_MODULES = YES;
				CLANG_ENABLE_OBJC_ARC = YES;
				CLANG_WARN_BLOCK_CAPTURE_AUTORELEASING = YES;
				CLANG_WARN_BOOL_CONVERSION = YES;
				CLANG_WARN_COMMA = YES;
				CLANG_WARN_CONSTANT_CONVERSION = YES;
				CLANG_WARN_DIRECT_OBJC_ISA_USAGE = YES_ERROR;
				CLANG_WARN_DOCUMENTATION_COMMENTS = YES;
				CLANG_WARN_EMPTY_BODY = YES;
				CLANG_WARN_ENUM_CONVERSION = YES;
				CLANG_WARN_INFINITE_RECURSION = YES;
				CLANG_WARN_INT_CONVERSION = YES;
				CLANG_WARN_NON_LITERAL_NULL_CONVERSION = YES;
				CLANG_WARN_OBJC_LITERAL_CONVERSION = YES;
				CLANG_WARN_OBJC_ROOT_CLASS = YES_ERROR;
				CLANG_WARN_RANGE_LOOP_ANALYSIS = YES;
				CLANG_WARN_STRICT_PROTOTYPES = YES;
				CLANG_WARN_SUSPICIOUS_MOVE = YES;
				CLANG_WARN_UNGUARDED_AVAILABILITY = YES_AGGRESSIVE;
				CLANG_WARN_UNREACHABLE_CODE = YES;
				CLANG_WARN__DUPLICATE_METHOD_MATCH = YES;
				CODE_SIGN_IDENTITY = "iPhone Developer";
				COPY_PHASE_STRIP = NO;
				DEBUG_INFORMATION_FORMAT = dwarf;
				ENABLE_STRICT_OBJC_MSGSEND = YES;
				ENABLE_TESTABILITY = YES;
				GCC_C_LANGUAGE_STANDARD = gnu11;
				GCC_DYNAMIC_NO_PIC = NO;
				GCC_NO_COMMON_BLOCKS = YES;
				GCC_OPTIMIZATION_LEVEL = 0;
				GCC_PREPROCESSOR_DEFINITIONS = (
					"DEBUG=1",
					"$(inherited)",
				);
				GCC_WARN_64_TO_32_BIT_CONVERSION = YES;
				GCC_WARN_ABOUT_RETURN_TYPE = YES_ERROR;
				GCC_WARN_UNDECLARED_SELECTOR = YES;
				GCC_WARN_UNINITIALIZED_AUTOS = YES_AGGRESSIVE;
				GCC_WARN_UNUSED_FUNCTION = YES;
				GCC_WARN_UNUSED_VARIABLE = YES;
				IPHONEOS_DEPLOYMENT_TARGET = 11.2;
				MTL_ENABLE_DEBUG_INFO = YES;
				ONLY_ACTIVE_ARCH = YES;
				SDKROOT = iphoneos;
				SWIFT_ACTIVE_COMPILATION_CONDITIONS = DEBUG;
				SWIFT_OPTIMIZATION_LEVEL = "-Onone";
			};
			name = Debug;
		};
		8AB8867120404DD30003E444 /* Release */ = {
			isa = XCBuildConfiguration;
			buildSettings = {
				ALWAYS_SEARCH_USER_PATHS = NO;
				CLANG_ANALYZER_NONNULL = YES;
				CLANG_ANALYZER_NUMBER_OBJECT_CONVERSION = YES_AGGRESSIVE;
				CLANG_CXX_LANGUAGE_STANDARD = "gnu++14";
				CLANG_CXX_LIBRARY = "libc++";
				CLANG_ENABLE_MODULES = YES;
				CLANG_ENABLE_OBJC_ARC = YES;
				CLANG_WARN_BLOCK_CAPTURE_AUTORELEASING = YES;
				CLANG_WARN_BOOL_CONVERSION = YES;
				CLANG_WARN_COMMA = YES;
				CLANG_WARN_CONSTANT_CONVERSION = YES;
				CLANG_WARN_DIRECT_OBJC_ISA_USAGE = YES_ERROR;
				CLANG_WARN_DOCUMENTATION_COMMENTS = YES;
				CLANG_WARN_EMPTY_BODY = YES;
				CLANG_WARN_ENUM_CONVERSION = YES;
				CLANG_WARN_INFINITE_RECURSION = YES;
				CLANG_WARN_INT_CONVERSION = YES;
				CLANG_WARN_NON_LITERAL_NULL_CONVERSION = YES;
				CLANG_WARN_OBJC_LITERAL_CONVERSION = YES;
				CLANG_WARN_OBJC_ROOT_CLASS = YES_ERROR;
				CLANG_WARN_RANGE_LOOP_ANALYSIS = YES;
				CLANG_WARN_STRICT_PROTOTYPES = YES;
				CLANG_WARN_SUSPICIOUS_MOVE = YES;
				CLANG_WARN_UNGUARDED_AVAILABILITY = YES_AGGRESSIVE;
				CLANG_WARN_UNREACHABLE_CODE = YES;
				CLANG_WARN__DUPLICATE_METHOD_MATCH = YES;
				CODE_SIGN_IDENTITY = "iPhone Developer";
				COPY_PHASE_STRIP = NO;
				DEBUG_INFORMATION_FORMAT = "dwarf-with-dsym";
				ENABLE_NS_ASSERTIONS = NO;
				ENABLE_STRICT_OBJC_MSGSEND = YES;
				GCC_C_LANGUAGE_STANDARD = gnu11;
				GCC_NO_COMMON_BLOCKS = YES;
				GCC_WARN_64_TO_32_BIT_CONVERSION = YES;
				GCC_WARN_ABOUT_RETURN_TYPE = YES_ERROR;
				GCC_WARN_UNDECLARED_SELECTOR = YES;
				GCC_WARN_UNINITIALIZED_AUTOS = YES_AGGRESSIVE;
				GCC_WARN_UNUSED_FUNCTION = YES;
				GCC_WARN_UNUSED_VARIABLE = YES;
				IPHONEOS_DEPLOYMENT_TARGET = 11.2;
				MTL_ENABLE_DEBUG_INFO = NO;
				SDKROOT = iphoneos;
				SWIFT_OPTIMIZATION_LEVEL = "-Owholemodule";
				VALIDATE_PRODUCT = YES;
			};
			name = Release;
		};
		8AB8867320404DD30003E444 /* Debug */ = {
			isa = XCBuildConfiguration;
			baseConfigurationReference = EE18B3777C62D7BCA8DDBE30 /* Pods-iOSTestApp.debug.xcconfig */;
			buildSettings = {
				ASSETCATALOG_COMPILER_APPICON_NAME = AppIcon;
				CLANG_ENABLE_MODULES = YES;
				CODE_SIGN_STYLE = Automatic;
				DEVELOPMENT_TEAM = 372ZUL2ZB7;
				INFOPLIST_FILE = iOSTestApp/Info.plist;
				LD_RUNPATH_SEARCH_PATHS = "$(inherited) @executable_path/Frameworks";
				PRODUCT_BUNDLE_IDENTIFIER = com.bugsnag.iOSTestApp;
				PRODUCT_NAME = "$(TARGET_NAME)";
				SWIFT_OBJC_BRIDGING_HEADER = "iOSTestApp/iOSTestApp-Bridging-Header.h";
				SWIFT_OPTIMIZATION_LEVEL = "-Onone";
				SWIFT_VERSION = 4.0;
				TARGETED_DEVICE_FAMILY = "1,2";
			};
			name = Debug;
		};
		8AB8867420404DD30003E444 /* Release */ = {
			isa = XCBuildConfiguration;
			baseConfigurationReference = 960A6E7D4E847F1D76A4FD06 /* Pods-iOSTestApp.release.xcconfig */;
			buildSettings = {
				ASSETCATALOG_COMPILER_APPICON_NAME = AppIcon;
				CLANG_ENABLE_MODULES = YES;
				CODE_SIGN_STYLE = Automatic;
				DEVELOPMENT_TEAM = 372ZUL2ZB7;
				INFOPLIST_FILE = iOSTestApp/Info.plist;
				LD_RUNPATH_SEARCH_PATHS = "$(inherited) @executable_path/Frameworks";
				PRODUCT_BUNDLE_IDENTIFIER = com.bugsnag.iOSTestApp;
				PRODUCT_NAME = "$(TARGET_NAME)";
				SWIFT_OBJC_BRIDGING_HEADER = "iOSTestApp/iOSTestApp-Bridging-Header.h";
				SWIFT_VERSION = 4.0;
				TARGETED_DEVICE_FAMILY = "1,2";
			};
			name = Release;
		};
/* End XCBuildConfiguration section */

/* Begin XCConfigurationList section */
		8AB8865B20404DD30003E444 /* Build configuration list for PBXProject "iOSTestApp" */ = {
			isa = XCConfigurationList;
			buildConfigurations = (
				8AB8867020404DD30003E444 /* Debug */,
				8AB8867120404DD30003E444 /* Release */,
			);
			defaultConfigurationIsVisible = 0;
			defaultConfigurationName = Release;
		};
		8AB8867220404DD30003E444 /* Build configuration list for PBXNativeTarget "iOSTestApp" */ = {
			isa = XCConfigurationList;
			buildConfigurations = (
				8AB8867320404DD30003E444 /* Debug */,
				8AB8867420404DD30003E444 /* Release */,
			);
			defaultConfigurationIsVisible = 0;
			defaultConfigurationName = Release;
		};
/* End XCConfigurationList section */
	};
	rootObject = 8AB8865820404DD30003E444 /* Project object */;
}
