// !$*UTF8*$!
{
	archiveVersion = 1;
	classes = {
	};
	objectVersion = 46;
	objects = {

/* Begin PBXBuildFile section */
		8A6173951C6AB592003A0092 /* Bugsnag.framework in Frameworks */ = {isa = PBXBuildFile; fileRef = 8A61738A1C6AB592003A0092 /* Bugsnag.framework */; };
		8A6173A81C6AB6E2003A0092 /* BugsnagBreadcrumbsTest.m in Sources */ = {isa = PBXBuildFile; fileRef = 8A6173A41C6AB6E2003A0092 /* BugsnagBreadcrumbsTest.m */; };
		8A6173A91C6AB6E2003A0092 /* BugsnagCrashReportTests.m in Sources */ = {isa = PBXBuildFile; fileRef = 8A6173A51C6AB6E2003A0092 /* BugsnagCrashReportTests.m */; };
		8A6173AA1C6AB6E2003A0092 /* BugsnagSinkTests.m in Sources */ = {isa = PBXBuildFile; fileRef = 8A6173A61C6AB6E2003A0092 /* BugsnagSinkTests.m */; };
		8A6173AB1C6AB6E2003A0092 /* BugsnagTests.m in Sources */ = {isa = PBXBuildFile; fileRef = 8A6173A71C6AB6E2003A0092 /* BugsnagTests.m */; };
		8A6173D61C6AB761003A0092 /* libz.tbd in Frameworks */ = {isa = PBXBuildFile; fileRef = 8A6173D51C6AB761003A0092 /* libz.tbd */; };
		8A6173D81C6AB765003A0092 /* libc++.tbd in Frameworks */ = {isa = PBXBuildFile; fileRef = 8A6173D71C6AB765003A0092 /* libc++.tbd */; };
		8A6173DA1C6AB76A003A0092 /* SystemConfiguration.framework in Frameworks */ = {isa = PBXBuildFile; fileRef = 8A6173D91C6AB76A003A0092 /* SystemConfiguration.framework */; };
		8A6173DC1C6AB78D003A0092 /* MessageUI.framework in Frameworks */ = {isa = PBXBuildFile; fileRef = 8A6173DB1C6AB78D003A0092 /* MessageUI.framework */; };
		8A6173F71C6AB802003A0092 /* libKSCrashLib.a in Frameworks */ = {isa = PBXBuildFile; fileRef = 8A6173F61C6AB802003A0092 /* libKSCrashLib.a */; };
		8A6173F91C6AB85A003A0092 /* UIKit.framework in Frameworks */ = {isa = PBXBuildFile; fileRef = 8A6173F81C6AB85A003A0092 /* UIKit.framework */; };
		8A61740E1C6ABF1C003A0092 /* Bugsnag.h in Headers */ = {isa = PBXBuildFile; fileRef = 8A6173FA1C6ABF1C003A0092 /* Bugsnag.h */; settings = {ATTRIBUTES = (Public, ); }; };
		8A61740F1C6ABF1C003A0092 /* Bugsnag.m in Sources */ = {isa = PBXBuildFile; fileRef = 8A6173FB1C6ABF1C003A0092 /* Bugsnag.m */; };
		8A6174101C6ABF1C003A0092 /* BugsnagBreadcrumb.h in Headers */ = {isa = PBXBuildFile; fileRef = 8A6173FC1C6ABF1C003A0092 /* BugsnagBreadcrumb.h */; };
		8A6174111C6ABF1C003A0092 /* BugsnagBreadcrumb.m in Sources */ = {isa = PBXBuildFile; fileRef = 8A6173FD1C6ABF1C003A0092 /* BugsnagBreadcrumb.m */; };
		8A6174121C6ABF1C003A0092 /* BugsnagCollections.h in Headers */ = {isa = PBXBuildFile; fileRef = 8A6173FE1C6ABF1C003A0092 /* BugsnagCollections.h */; };
		8A6174131C6ABF1C003A0092 /* BugsnagCollections.m in Sources */ = {isa = PBXBuildFile; fileRef = 8A6173FF1C6ABF1C003A0092 /* BugsnagCollections.m */; };
		8A6174141C6ABF1C003A0092 /* BugsnagConfiguration.h in Headers */ = {isa = PBXBuildFile; fileRef = 8A6174001C6ABF1C003A0092 /* BugsnagConfiguration.h */; settings = {ATTRIBUTES = (Public, ); }; };
		8A6174151C6ABF1C003A0092 /* BugsnagConfiguration.m in Sources */ = {isa = PBXBuildFile; fileRef = 8A6174011C6ABF1C003A0092 /* BugsnagConfiguration.m */; };
		8A6174161C6ABF1C003A0092 /* BugsnagCrashReport.h in Headers */ = {isa = PBXBuildFile; fileRef = 8A6174021C6ABF1C003A0092 /* BugsnagCrashReport.h */; };
		8A6174171C6ABF1C003A0092 /* BugsnagCrashReport.m in Sources */ = {isa = PBXBuildFile; fileRef = 8A6174031C6ABF1C003A0092 /* BugsnagCrashReport.m */; };
		8A61741A1C6ABF1C003A0092 /* BugsnagMetaData.h in Headers */ = {isa = PBXBuildFile; fileRef = 8A6174061C6ABF1C003A0092 /* BugsnagMetaData.h */; };
		8A61741B1C6ABF1C003A0092 /* BugsnagMetaData.m in Sources */ = {isa = PBXBuildFile; fileRef = 8A6174071C6ABF1C003A0092 /* BugsnagMetaData.m */; };
		8A61741C1C6ABF1C003A0092 /* BugsnagNotifier.h in Headers */ = {isa = PBXBuildFile; fileRef = 8A6174081C6ABF1C003A0092 /* BugsnagNotifier.h */; };
		8A61741D1C6ABF1C003A0092 /* BugsnagNotifier.m in Sources */ = {isa = PBXBuildFile; fileRef = 8A6174091C6ABF1C003A0092 /* BugsnagNotifier.m */; };
		8A6174201C6ABF1C003A0092 /* BugsnagSink.h in Headers */ = {isa = PBXBuildFile; fileRef = 8A61740C1C6ABF1C003A0092 /* BugsnagSink.h */; };
		8A6174211C6ABF1C003A0092 /* BugsnagSink.m in Sources */ = {isa = PBXBuildFile; fileRef = 8A61740D1C6ABF1C003A0092 /* BugsnagSink.m */; };
		8A6174331C6AC1EB003A0092 /* BugsnagOSX.framework in Frameworks */ = {isa = PBXBuildFile; fileRef = 8A6174291C6AC1EA003A0092 /* BugsnagOSX.framework */; };
		8A6174401C6AC202003A0092 /* BugsnagBreadcrumbsTest.m in Sources */ = {isa = PBXBuildFile; fileRef = 8A6173A41C6AB6E2003A0092 /* BugsnagBreadcrumbsTest.m */; };
		8A6174411C6AC202003A0092 /* BugsnagCrashReportTests.m in Sources */ = {isa = PBXBuildFile; fileRef = 8A6173A51C6AB6E2003A0092 /* BugsnagCrashReportTests.m */; };
		8A6174421C6AC202003A0092 /* BugsnagSinkTests.m in Sources */ = {isa = PBXBuildFile; fileRef = 8A6173A61C6AB6E2003A0092 /* BugsnagSinkTests.m */; };
		8A6174431C6AC202003A0092 /* BugsnagTests.m in Sources */ = {isa = PBXBuildFile; fileRef = 8A6173A71C6AB6E2003A0092 /* BugsnagTests.m */; };
		8A6174451C6AC26B003A0092 /* Bugsnag.h in Headers */ = {isa = PBXBuildFile; fileRef = 8A6173FA1C6ABF1C003A0092 /* Bugsnag.h */; settings = {ATTRIBUTES = (Public, ); }; };
		8A6174461C6AC26B003A0092 /* Bugsnag.m in Sources */ = {isa = PBXBuildFile; fileRef = 8A6173FB1C6ABF1C003A0092 /* Bugsnag.m */; };
		8A6174471C6AC26B003A0092 /* BugsnagBreadcrumb.h in Headers */ = {isa = PBXBuildFile; fileRef = 8A6173FC1C6ABF1C003A0092 /* BugsnagBreadcrumb.h */; };
		8A6174481C6AC26B003A0092 /* BugsnagBreadcrumb.m in Sources */ = {isa = PBXBuildFile; fileRef = 8A6173FD1C6ABF1C003A0092 /* BugsnagBreadcrumb.m */; };
		8A6174491C6AC26B003A0092 /* BugsnagCollections.h in Headers */ = {isa = PBXBuildFile; fileRef = 8A6173FE1C6ABF1C003A0092 /* BugsnagCollections.h */; };
		8A61744A1C6AC26B003A0092 /* BugsnagCollections.m in Sources */ = {isa = PBXBuildFile; fileRef = 8A6173FF1C6ABF1C003A0092 /* BugsnagCollections.m */; };
		8A61744B1C6AC26B003A0092 /* BugsnagConfiguration.h in Headers */ = {isa = PBXBuildFile; fileRef = 8A6174001C6ABF1C003A0092 /* BugsnagConfiguration.h */; settings = {ATTRIBUTES = (Public, ); }; };
		8A61744C1C6AC26B003A0092 /* BugsnagConfiguration.m in Sources */ = {isa = PBXBuildFile; fileRef = 8A6174011C6ABF1C003A0092 /* BugsnagConfiguration.m */; };
		8A61744D1C6AC26B003A0092 /* BugsnagCrashReport.h in Headers */ = {isa = PBXBuildFile; fileRef = 8A6174021C6ABF1C003A0092 /* BugsnagCrashReport.h */; };
		8A61744E1C6AC26B003A0092 /* BugsnagCrashReport.m in Sources */ = {isa = PBXBuildFile; fileRef = 8A6174031C6ABF1C003A0092 /* BugsnagCrashReport.m */; };
		8A61744F1C6AC26B003A0092 /* BugsnagMetaData.h in Headers */ = {isa = PBXBuildFile; fileRef = 8A6174061C6ABF1C003A0092 /* BugsnagMetaData.h */; };
		8A6174501C6AC26B003A0092 /* BugsnagMetaData.m in Sources */ = {isa = PBXBuildFile; fileRef = 8A6174071C6ABF1C003A0092 /* BugsnagMetaData.m */; };
		8A6174511C6AC26B003A0092 /* BugsnagNotifier.h in Headers */ = {isa = PBXBuildFile; fileRef = 8A6174081C6ABF1C003A0092 /* BugsnagNotifier.h */; };
		8A6174521C6AC26B003A0092 /* BugsnagNotifier.m in Sources */ = {isa = PBXBuildFile; fileRef = 8A6174091C6ABF1C003A0092 /* BugsnagNotifier.m */; };
		8A6174551C6AC26B003A0092 /* BugsnagSink.h in Headers */ = {isa = PBXBuildFile; fileRef = 8A61740C1C6ABF1C003A0092 /* BugsnagSink.h */; };
		8A6174561C6AC26B003A0092 /* BugsnagSink.m in Sources */ = {isa = PBXBuildFile; fileRef = 8A61740D1C6ABF1C003A0092 /* BugsnagSink.m */; };
		8A6174581C6AC304003A0092 /* libc++.tbd in Frameworks */ = {isa = PBXBuildFile; fileRef = 8A6174571C6AC304003A0092 /* libc++.tbd */; };
		8A61745A1C6AC309003A0092 /* SystemConfiguration.framework in Frameworks */ = {isa = PBXBuildFile; fileRef = 8A6174591C6AC309003A0092 /* SystemConfiguration.framework */; };
		8A61745C1C6AC30E003A0092 /* libz.tbd in Frameworks */ = {isa = PBXBuildFile; fileRef = 8A61745B1C6AC30E003A0092 /* libz.tbd */; };
		8A61746C1C6AC349003A0092 /* libKSCrashLib.a in Frameworks */ = {isa = PBXBuildFile; fileRef = 8A61746B1C6AC349003A0092 /* libKSCrashLib.a */; };
		8A6174721C6AC4B5003A0092 /* report.json in Resources */ = {isa = PBXBuildFile; fileRef = 8A61746D1C6AC41F003A0092 /* report.json */; };
		8A6174731C6AC4B6003A0092 /* report.json in Resources */ = {isa = PBXBuildFile; fileRef = 8A61746D1C6AC41F003A0092 /* report.json */; };
/* End PBXBuildFile section */

/* Begin PBXContainerItemProxy section */
		8A6173961C6AB592003A0092 /* PBXContainerItemProxy */ = {
			isa = PBXContainerItemProxy;
			containerPortal = 8A6173811C6AB592003A0092 /* Project object */;
			proxyType = 1;
			remoteGlobalIDString = 8A6173891C6AB592003A0092;
			remoteInfo = Bugsnag;
		};
		8A6174341C6AC1EB003A0092 /* PBXContainerItemProxy */ = {
			isa = PBXContainerItemProxy;
			containerPortal = 8A6173811C6AB592003A0092 /* Project object */;
			proxyType = 1;
			remoteGlobalIDString = 8A6174281C6AC1EA003A0092;
			remoteInfo = BugsnagOSX;
		};
/* End PBXContainerItemProxy section */

/* Begin PBXFileReference section */
		8A61738A1C6AB592003A0092 /* Bugsnag.framework */ = {isa = PBXFileReference; explicitFileType = wrapper.framework; includeInIndex = 0; path = Bugsnag.framework; sourceTree = BUILT_PRODUCTS_DIR; };
		8A61738F1C6AB592003A0092 /* Info.plist */ = {isa = PBXFileReference; lastKnownFileType = text.plist; name = Info.plist; path = iOS/Info.plist; sourceTree = "<group>"; };
		8A6173941C6AB592003A0092 /* BugsnagTests.xctest */ = {isa = PBXFileReference; explicitFileType = wrapper.cfbundle; includeInIndex = 0; path = BugsnagTests.xctest; sourceTree = BUILT_PRODUCTS_DIR; };
		8A61739B1C6AB592003A0092 /* Info.plist */ = {isa = PBXFileReference; lastKnownFileType = text.plist; name = Info.plist; path = Tests/iOS/Info.plist; sourceTree = "<group>"; };
		8A6173A41C6AB6E2003A0092 /* BugsnagBreadcrumbsTest.m */ = {isa = PBXFileReference; fileEncoding = 4; lastKnownFileType = sourcecode.c.objc; name = BugsnagBreadcrumbsTest.m; path = Tests/BugsnagBreadcrumbsTest.m; sourceTree = SOURCE_ROOT; };
		8A6173A51C6AB6E2003A0092 /* BugsnagCrashReportTests.m */ = {isa = PBXFileReference; fileEncoding = 4; lastKnownFileType = sourcecode.c.objc; name = BugsnagCrashReportTests.m; path = Tests/BugsnagCrashReportTests.m; sourceTree = SOURCE_ROOT; };
		8A6173A61C6AB6E2003A0092 /* BugsnagSinkTests.m */ = {isa = PBXFileReference; fileEncoding = 4; lastKnownFileType = sourcecode.c.objc; name = BugsnagSinkTests.m; path = Tests/BugsnagSinkTests.m; sourceTree = SOURCE_ROOT; };
		8A6173A71C6AB6E2003A0092 /* BugsnagTests.m */ = {isa = PBXFileReference; fileEncoding = 4; lastKnownFileType = sourcecode.c.objc; name = BugsnagTests.m; path = Tests/BugsnagTests.m; sourceTree = SOURCE_ROOT; };
		8A6173D51C6AB761003A0092 /* libz.tbd */ = {isa = PBXFileReference; lastKnownFileType = "sourcecode.text-based-dylib-definition"; name = libz.tbd; path = usr/lib/libz.tbd; sourceTree = SDKROOT; };
		8A6173D71C6AB765003A0092 /* libc++.tbd */ = {isa = PBXFileReference; lastKnownFileType = "sourcecode.text-based-dylib-definition"; name = "libc++.tbd"; path = "usr/lib/libc++.tbd"; sourceTree = SDKROOT; };
		8A6173D91C6AB76A003A0092 /* SystemConfiguration.framework */ = {isa = PBXFileReference; lastKnownFileType = wrapper.framework; name = SystemConfiguration.framework; path = System/Library/Frameworks/SystemConfiguration.framework; sourceTree = SDKROOT; };
		8A6173DB1C6AB78D003A0092 /* MessageUI.framework */ = {isa = PBXFileReference; lastKnownFileType = wrapper.framework; name = MessageUI.framework; path = System/Library/Frameworks/MessageUI.framework; sourceTree = SDKROOT; };
		8A6173F61C6AB802003A0092 /* libKSCrashLib.a */ = {isa = PBXFileReference; lastKnownFileType = archive.ar; name = libKSCrashLib.a; path = "Carthage/Checkouts/KSCrash/iOS/build/Debug-iphoneos/libKSCrashLib.a"; sourceTree = "<group>"; };
		8A6173F81C6AB85A003A0092 /* UIKit.framework */ = {isa = PBXFileReference; lastKnownFileType = wrapper.framework; name = UIKit.framework; path = System/Library/Frameworks/UIKit.framework; sourceTree = SDKROOT; };
		8A6173FA1C6ABF1C003A0092 /* Bugsnag.h */ = {isa = PBXFileReference; fileEncoding = 4; lastKnownFileType = sourcecode.c.h; name = Bugsnag.h; path = Source/Bugsnag.h; sourceTree = SOURCE_ROOT; };
		8A6173FB1C6ABF1C003A0092 /* Bugsnag.m */ = {isa = PBXFileReference; fileEncoding = 4; lastKnownFileType = sourcecode.c.objc; name = Bugsnag.m; path = Source/Bugsnag.m; sourceTree = SOURCE_ROOT; };
		8A6173FC1C6ABF1C003A0092 /* BugsnagBreadcrumb.h */ = {isa = PBXFileReference; fileEncoding = 4; lastKnownFileType = sourcecode.c.h; name = BugsnagBreadcrumb.h; path = Source/BugsnagBreadcrumb.h; sourceTree = SOURCE_ROOT; };
		8A6173FD1C6ABF1C003A0092 /* BugsnagBreadcrumb.m */ = {isa = PBXFileReference; fileEncoding = 4; lastKnownFileType = sourcecode.c.objc; name = BugsnagBreadcrumb.m; path = Source/BugsnagBreadcrumb.m; sourceTree = SOURCE_ROOT; };
		8A6173FE1C6ABF1C003A0092 /* BugsnagCollections.h */ = {isa = PBXFileReference; fileEncoding = 4; lastKnownFileType = sourcecode.c.h; name = BugsnagCollections.h; path = Source/BugsnagCollections.h; sourceTree = SOURCE_ROOT; };
		8A6173FF1C6ABF1C003A0092 /* BugsnagCollections.m */ = {isa = PBXFileReference; fileEncoding = 4; lastKnownFileType = sourcecode.c.objc; name = BugsnagCollections.m; path = Source/BugsnagCollections.m; sourceTree = SOURCE_ROOT; };
		8A6174001C6ABF1C003A0092 /* BugsnagConfiguration.h */ = {isa = PBXFileReference; fileEncoding = 4; lastKnownFileType = sourcecode.c.h; name = BugsnagConfiguration.h; path = Source/BugsnagConfiguration.h; sourceTree = SOURCE_ROOT; };
		8A6174011C6ABF1C003A0092 /* BugsnagConfiguration.m */ = {isa = PBXFileReference; fileEncoding = 4; lastKnownFileType = sourcecode.c.objc; name = BugsnagConfiguration.m; path = Source/BugsnagConfiguration.m; sourceTree = SOURCE_ROOT; };
		8A6174021C6ABF1C003A0092 /* BugsnagCrashReport.h */ = {isa = PBXFileReference; fileEncoding = 4; lastKnownFileType = sourcecode.c.h; name = BugsnagCrashReport.h; path = Source/BugsnagCrashReport.h; sourceTree = SOURCE_ROOT; };
		8A6174031C6ABF1C003A0092 /* BugsnagCrashReport.m */ = {isa = PBXFileReference; fileEncoding = 4; lastKnownFileType = sourcecode.c.objc; name = BugsnagCrashReport.m; path = Source/BugsnagCrashReport.m; sourceTree = SOURCE_ROOT; };
		8A6174061C6ABF1C003A0092 /* BugsnagMetaData.h */ = {isa = PBXFileReference; fileEncoding = 4; lastKnownFileType = sourcecode.c.h; name = BugsnagMetaData.h; path = Source/BugsnagMetaData.h; sourceTree = SOURCE_ROOT; };
		8A6174071C6ABF1C003A0092 /* BugsnagMetaData.m */ = {isa = PBXFileReference; fileEncoding = 4; lastKnownFileType = sourcecode.c.objc; name = BugsnagMetaData.m; path = Source/BugsnagMetaData.m; sourceTree = SOURCE_ROOT; };
		8A6174081C6ABF1C003A0092 /* BugsnagNotifier.h */ = {isa = PBXFileReference; fileEncoding = 4; lastKnownFileType = sourcecode.c.h; name = BugsnagNotifier.h; path = Source/BugsnagNotifier.h; sourceTree = SOURCE_ROOT; };
		8A6174091C6ABF1C003A0092 /* BugsnagNotifier.m */ = {isa = PBXFileReference; fileEncoding = 4; lastKnownFileType = sourcecode.c.objc; name = BugsnagNotifier.m; path = Source/BugsnagNotifier.m; sourceTree = SOURCE_ROOT; };
		8A61740C1C6ABF1C003A0092 /* BugsnagSink.h */ = {isa = PBXFileReference; fileEncoding = 4; lastKnownFileType = sourcecode.c.h; name = BugsnagSink.h; path = Source/BugsnagSink.h; sourceTree = SOURCE_ROOT; };
		8A61740D1C6ABF1C003A0092 /* BugsnagSink.m */ = {isa = PBXFileReference; fileEncoding = 4; lastKnownFileType = sourcecode.c.objc; name = BugsnagSink.m; path = Source/BugsnagSink.m; sourceTree = SOURCE_ROOT; };
		8A6174291C6AC1EA003A0092 /* BugsnagOSX.framework */ = {isa = PBXFileReference; explicitFileType = wrapper.framework; includeInIndex = 0; path = BugsnagOSX.framework; sourceTree = BUILT_PRODUCTS_DIR; };
		8A61742D1C6AC1EB003A0092 /* Info.plist */ = {isa = PBXFileReference; lastKnownFileType = text.plist.xml; name = Info.plist; path = OSX/Info.plist; sourceTree = SOURCE_ROOT; };
		8A6174321C6AC1EB003A0092 /* BugsnagOSXTests.xctest */ = {isa = PBXFileReference; explicitFileType = wrapper.cfbundle; includeInIndex = 0; path = BugsnagOSXTests.xctest; sourceTree = BUILT_PRODUCTS_DIR; };
		8A6174391C6AC1EB003A0092 /* Info.plist */ = {isa = PBXFileReference; lastKnownFileType = text.plist; name = Info.plist; path = Tests/OSX/Info.plist; sourceTree = "<group>"; };
		8A6174571C6AC304003A0092 /* libc++.tbd */ = {isa = PBXFileReference; lastKnownFileType = "sourcecode.text-based-dylib-definition"; name = "libc++.tbd"; path = "Platforms/MacOSX.platform/Developer/SDKs/MacOSX10.11.sdk/usr/lib/libc++.tbd"; sourceTree = DEVELOPER_DIR; };
		8A6174591C6AC309003A0092 /* SystemConfiguration.framework */ = {isa = PBXFileReference; lastKnownFileType = wrapper.framework; name = SystemConfiguration.framework; path = Platforms/MacOSX.platform/Developer/SDKs/MacOSX10.11.sdk/System/Library/Frameworks/SystemConfiguration.framework; sourceTree = DEVELOPER_DIR; };
		8A61745B1C6AC30E003A0092 /* libz.tbd */ = {isa = PBXFileReference; lastKnownFileType = "sourcecode.text-based-dylib-definition"; name = libz.tbd; path = Platforms/MacOSX.platform/Developer/SDKs/MacOSX10.11.sdk/usr/lib/libz.tbd; sourceTree = DEVELOPER_DIR; };
		8A61745D1C6AC310003A0092 /* libKSCrashLib.a */ = {isa = PBXFileReference; lastKnownFileType = archive.ar; name = libKSCrashLib.a; path = "../../Library/Developer/Xcode/DerivedData/Bugsnag-dvqrtebfcsywyhcrxrokvhfryvyc/Build/Products/Debug-iphoneos/libKSCrashLib.a"; sourceTree = "<group>"; };
		8A61746B1C6AC349003A0092 /* libKSCrashLib.a */ = {isa = PBXFileReference; lastKnownFileType = archive.ar; name = libKSCrashLib.a; path = Carthage/Checkouts/KSCrash/Mac/build/Debug/libKSCrashLib.a; sourceTree = "<group>"; };
		8A61746D1C6AC41F003A0092 /* report.json */ = {isa = PBXFileReference; fileEncoding = 4; lastKnownFileType = text.json; name = report.json; path = Tests/report.json; sourceTree = SOURCE_ROOT; };
		8A6174791C6ADA3C003A0092 /* module.modulemap */ = {isa = PBXFileReference; fileEncoding = 4; lastKnownFileType = "sourcecode.module-map"; name = module.modulemap; path = iOS/module.modulemap; sourceTree = SOURCE_ROOT; };
		8A61747A1C6ADA4D003A0092 /* module.modulemap */ = {isa = PBXFileReference; fileEncoding = 4; lastKnownFileType = "sourcecode.module-map"; name = module.modulemap; path = OSX/module.modulemap; sourceTree = SOURCE_ROOT; };
/* End PBXFileReference section */

/* Begin PBXFrameworksBuildPhase section */
		8A6173861C6AB592003A0092 /* Frameworks */ = {
			isa = PBXFrameworksBuildPhase;
			buildActionMask = 2147483647;
			files = (
				8A6173F91C6AB85A003A0092 /* UIKit.framework in Frameworks */,
				8A6173F71C6AB802003A0092 /* libKSCrashLib.a in Frameworks */,
				8A6173DC1C6AB78D003A0092 /* MessageUI.framework in Frameworks */,
				8A6173DA1C6AB76A003A0092 /* SystemConfiguration.framework in Frameworks */,
				8A6173D81C6AB765003A0092 /* libc++.tbd in Frameworks */,
				8A6173D61C6AB761003A0092 /* libz.tbd in Frameworks */,
			);
			runOnlyForDeploymentPostprocessing = 0;
		};
		8A6173911C6AB592003A0092 /* Frameworks */ = {
			isa = PBXFrameworksBuildPhase;
			buildActionMask = 2147483647;
			files = (
				8A6173951C6AB592003A0092 /* Bugsnag.framework in Frameworks */,
			);
			runOnlyForDeploymentPostprocessing = 0;
		};
		8A6174251C6AC1EA003A0092 /* Frameworks */ = {
			isa = PBXFrameworksBuildPhase;
			buildActionMask = 2147483647;
			files = (
				8A61746C1C6AC349003A0092 /* libKSCrashLib.a in Frameworks */,
				8A61745C1C6AC30E003A0092 /* libz.tbd in Frameworks */,
				8A61745A1C6AC309003A0092 /* SystemConfiguration.framework in Frameworks */,
				8A6174581C6AC304003A0092 /* libc++.tbd in Frameworks */,
			);
			runOnlyForDeploymentPostprocessing = 0;
		};
		8A61742F1C6AC1EB003A0092 /* Frameworks */ = {
			isa = PBXFrameworksBuildPhase;
			buildActionMask = 2147483647;
			files = (
				8A6174331C6AC1EB003A0092 /* BugsnagOSX.framework in Frameworks */,
			);
			runOnlyForDeploymentPostprocessing = 0;
		};
/* End PBXFrameworksBuildPhase section */

/* Begin PBXGroup section */
		8A6173801C6AB592003A0092 = {
			isa = PBXGroup;
			children = (
				8A61738C1C6AB592003A0092 /* Source */,
				8A6173981C6AB592003A0092 /* Tests */,
				8A6173E91C6AB7D2003A0092 /* Frameworks */,
				8A61738B1C6AB592003A0092 /* Products */,
			);
			indentWidth = 2;
			sourceTree = "<group>";
			tabWidth = 2;
		};
		8A61738B1C6AB592003A0092 /* Products */ = {
			isa = PBXGroup;
			children = (
				8A61738A1C6AB592003A0092 /* Bugsnag.framework */,
				8A6173941C6AB592003A0092 /* BugsnagTests.xctest */,
				8A6174291C6AC1EA003A0092 /* BugsnagOSX.framework */,
				8A6174321C6AC1EB003A0092 /* BugsnagOSXTests.xctest */,
			);
			name = Products;
			sourceTree = "<group>";
		};
		8A61738C1C6AB592003A0092 /* Source */ = {
			isa = PBXGroup;
			children = (
				8A6174231C6ABF5F003A0092 /* OSX */,
				8A6174221C6ABF5B003A0092 /* iOS */,
				8A6173FA1C6ABF1C003A0092 /* Bugsnag.h */,
				8A6173FB1C6ABF1C003A0092 /* Bugsnag.m */,
				8A6173FC1C6ABF1C003A0092 /* BugsnagBreadcrumb.h */,
				8A6173FD1C6ABF1C003A0092 /* BugsnagBreadcrumb.m */,
				8A6173FE1C6ABF1C003A0092 /* BugsnagCollections.h */,
				8A6173FF1C6ABF1C003A0092 /* BugsnagCollections.m */,
				8A6174001C6ABF1C003A0092 /* BugsnagConfiguration.h */,
				8A6174011C6ABF1C003A0092 /* BugsnagConfiguration.m */,
				8A6174021C6ABF1C003A0092 /* BugsnagCrashReport.h */,
				8A6174031C6ABF1C003A0092 /* BugsnagCrashReport.m */,
				8A6174061C6ABF1C003A0092 /* BugsnagMetaData.h */,
				8A6174071C6ABF1C003A0092 /* BugsnagMetaData.m */,
				8A6174081C6ABF1C003A0092 /* BugsnagNotifier.h */,
				8A6174091C6ABF1C003A0092 /* BugsnagNotifier.m */,
				8A61740C1C6ABF1C003A0092 /* BugsnagSink.h */,
				8A61740D1C6ABF1C003A0092 /* BugsnagSink.m */,
			);
			name = Source;
			path = Bugsnag;
			sourceTree = "<group>";
		};
		8A6173981C6AB592003A0092 /* Tests */ = {
			isa = PBXGroup;
			children = (
				8A6174441C6AC223003A0092 /* iOS */,
				8A6174361C6AC1EB003A0092 /* OSX */,
				8A6173A41C6AB6E2003A0092 /* BugsnagBreadcrumbsTest.m */,
				8A6173A51C6AB6E2003A0092 /* BugsnagCrashReportTests.m */,
				8A6173A61C6AB6E2003A0092 /* BugsnagSinkTests.m */,
				8A6173A71C6AB6E2003A0092 /* BugsnagTests.m */,
				8A61746D1C6AC41F003A0092 /* report.json */,
			);
			name = Tests;
			path = BugsnagTests;
			sourceTree = "<group>";
		};
		8A6173E91C6AB7D2003A0092 /* Frameworks */ = {
			isa = PBXGroup;
			children = (
				8A61746B1C6AC349003A0092 /* libKSCrashLib.a */,
				8A61745D1C6AC310003A0092 /* libKSCrashLib.a */,
				8A61745B1C6AC30E003A0092 /* libz.tbd */,
				8A6174591C6AC309003A0092 /* SystemConfiguration.framework */,
				8A6174571C6AC304003A0092 /* libc++.tbd */,
				8A6173F81C6AB85A003A0092 /* UIKit.framework */,
				8A6173F61C6AB802003A0092 /* libKSCrashLib.a */,
				8A6173DB1C6AB78D003A0092 /* MessageUI.framework */,
				8A6173D91C6AB76A003A0092 /* SystemConfiguration.framework */,
				8A6173D71C6AB765003A0092 /* libc++.tbd */,
				8A6173D51C6AB761003A0092 /* libz.tbd */,
			);
			name = Frameworks;
			sourceTree = "<group>";
		};
		8A6174221C6ABF5B003A0092 /* iOS */ = {
			isa = PBXGroup;
			children = (
				8A6174791C6ADA3C003A0092 /* module.modulemap */,
				8A61738F1C6AB592003A0092 /* Info.plist */,
			);
			name = iOS;
			sourceTree = "<group>";
		};
		8A6174231C6ABF5F003A0092 /* OSX */ = {
			isa = PBXGroup;
			children = (
				8A61747A1C6ADA4D003A0092 /* module.modulemap */,
				8A61742D1C6AC1EB003A0092 /* Info.plist */,
			);
			name = OSX;
			sourceTree = "<group>";
		};
		8A6174361C6AC1EB003A0092 /* OSX */ = {
			isa = PBXGroup;
			children = (
				8A6174391C6AC1EB003A0092 /* Info.plist */,
			);
			name = OSX;
			path = ../BugsnagOSXTests;
			sourceTree = "<group>";
		};
		8A6174441C6AC223003A0092 /* iOS */ = {
			isa = PBXGroup;
			children = (
				8A61739B1C6AB592003A0092 /* Info.plist */,
			);
			name = iOS;
			sourceTree = "<group>";
		};
/* End PBXGroup section */

/* Begin PBXHeadersBuildPhase section */
		8A6173871C6AB592003A0092 /* Headers */ = {
			isa = PBXHeadersBuildPhase;
			buildActionMask = 2147483647;
			files = (
				8A6174121C6ABF1C003A0092 /* BugsnagCollections.h in Headers */,
				8A61740E1C6ABF1C003A0092 /* Bugsnag.h in Headers */,
				8A61741A1C6ABF1C003A0092 /* BugsnagMetaData.h in Headers */,
				8A6174101C6ABF1C003A0092 /* BugsnagBreadcrumb.h in Headers */,
				8A6174201C6ABF1C003A0092 /* BugsnagSink.h in Headers */,
				8A6174161C6ABF1C003A0092 /* BugsnagCrashReport.h in Headers */,
				8A61741C1C6ABF1C003A0092 /* BugsnagNotifier.h in Headers */,
				8A6174141C6ABF1C003A0092 /* BugsnagConfiguration.h in Headers */,
			);
			runOnlyForDeploymentPostprocessing = 0;
		};
		8A6174261C6AC1EA003A0092 /* Headers */ = {
			isa = PBXHeadersBuildPhase;
			buildActionMask = 2147483647;
			files = (
				8A6174451C6AC26B003A0092 /* Bugsnag.h in Headers */,
				8A61744B1C6AC26B003A0092 /* BugsnagConfiguration.h in Headers */,
				8A61744F1C6AC26B003A0092 /* BugsnagMetaData.h in Headers */,
				8A6174491C6AC26B003A0092 /* BugsnagCollections.h in Headers */,
				8A6174551C6AC26B003A0092 /* BugsnagSink.h in Headers */,
				8A61744D1C6AC26B003A0092 /* BugsnagCrashReport.h in Headers */,
				8A6174511C6AC26B003A0092 /* BugsnagNotifier.h in Headers */,
				8A6174471C6AC26B003A0092 /* BugsnagBreadcrumb.h in Headers */,
			);
			runOnlyForDeploymentPostprocessing = 0;
		};
/* End PBXHeadersBuildPhase section */

/* Begin PBXNativeTarget section */
		8A6173891C6AB592003A0092 /* BugsnagiOS */ = {
			isa = PBXNativeTarget;
			buildConfigurationList = 8A61739E1C6AB592003A0092 /* Build configuration list for PBXNativeTarget "BugsnagiOS" */;
			buildPhases = (
				8A6173851C6AB592003A0092 /* Sources */,
				8A6173861C6AB592003A0092 /* Frameworks */,
				8A6173871C6AB592003A0092 /* Headers */,
				8A6173881C6AB592003A0092 /* Resources */,
			);
			buildRules = (
			);
			dependencies = (
			);
			name = BugsnagiOS;
			productName = Bugsnag;
			productReference = 8A61738A1C6AB592003A0092 /* Bugsnag.framework */;
			productType = "com.apple.product-type.framework";
		};
		8A6173931C6AB592003A0092 /* BugsnagTests */ = {
			isa = PBXNativeTarget;
			buildConfigurationList = 8A6173A11C6AB592003A0092 /* Build configuration list for PBXNativeTarget "BugsnagTests" */;
			buildPhases = (
				8A6173901C6AB592003A0092 /* Sources */,
				8A6173911C6AB592003A0092 /* Frameworks */,
				8A6173921C6AB592003A0092 /* Resources */,
			);
			buildRules = (
			);
			dependencies = (
				8A6173971C6AB592003A0092 /* PBXTargetDependency */,
			);
			name = BugsnagTests;
			productName = BugsnagTests;
			productReference = 8A6173941C6AB592003A0092 /* BugsnagTests.xctest */;
			productType = "com.apple.product-type.bundle.unit-test";
		};
		8A6174281C6AC1EA003A0092 /* BugsnagOSX */ = {
			isa = PBXNativeTarget;
			buildConfigurationList = 8A61743A1C6AC1EB003A0092 /* Build configuration list for PBXNativeTarget "BugsnagOSX" */;
			buildPhases = (
				8A6174241C6AC1EA003A0092 /* Sources */,
				8A6174251C6AC1EA003A0092 /* Frameworks */,
				8A6174261C6AC1EA003A0092 /* Headers */,
				8A6174271C6AC1EA003A0092 /* Resources */,
			);
			buildRules = (
			);
			dependencies = (
			);
			name = BugsnagOSX;
			productName = BugsnagOSX;
			productReference = 8A6174291C6AC1EA003A0092 /* BugsnagOSX.framework */;
			productType = "com.apple.product-type.framework";
		};
		8A6174311C6AC1EB003A0092 /* BugsnagOSXTests */ = {
			isa = PBXNativeTarget;
			buildConfigurationList = 8A61743D1C6AC1EB003A0092 /* Build configuration list for PBXNativeTarget "BugsnagOSXTests" */;
			buildPhases = (
				8A61742E1C6AC1EB003A0092 /* Sources */,
				8A61742F1C6AC1EB003A0092 /* Frameworks */,
				8A6174301C6AC1EB003A0092 /* Resources */,
			);
			buildRules = (
			);
			dependencies = (
				8A6174351C6AC1EB003A0092 /* PBXTargetDependency */,
			);
			name = BugsnagOSXTests;
			productName = BugsnagOSXTests;
			productReference = 8A6174321C6AC1EB003A0092 /* BugsnagOSXTests.xctest */;
			productType = "com.apple.product-type.bundle.unit-test";
		};
/* End PBXNativeTarget section */

/* Begin PBXProject section */
		8A6173811C6AB592003A0092 /* Project object */ = {
			isa = PBXProject;
			attributes = {
				LastUpgradeCheck = 0720;
				ORGANIZATIONNAME = Bugsnag;
				TargetAttributes = {
					8A6173891C6AB592003A0092 = {
						CreatedOnToolsVersion = 7.2.1;
					};
					8A6173931C6AB592003A0092 = {
						CreatedOnToolsVersion = 7.2.1;
					};
					8A6174281C6AC1EA003A0092 = {
						CreatedOnToolsVersion = 7.2.1;
					};
					8A6174311C6AC1EB003A0092 = {
						CreatedOnToolsVersion = 7.2.1;
					};
				};
			};
			buildConfigurationList = 8A6173841C6AB592003A0092 /* Build configuration list for PBXProject "Bugsnag" */;
			compatibilityVersion = "Xcode 3.2";
			developmentRegion = English;
			hasScannedForEncodings = 0;
			knownRegions = (
				en,
			);
			mainGroup = 8A6173801C6AB592003A0092;
			productRefGroup = 8A61738B1C6AB592003A0092 /* Products */;
			projectDirPath = "";
			projectRoot = "";
			targets = (
				8A6173891C6AB592003A0092 /* BugsnagiOS */,
				8A6173931C6AB592003A0092 /* BugsnagTests */,
				8A6174281C6AC1EA003A0092 /* BugsnagOSX */,
				8A6174311C6AC1EB003A0092 /* BugsnagOSXTests */,
			);
		};
/* End PBXProject section */

/* Begin PBXResourcesBuildPhase section */
		8A6173881C6AB592003A0092 /* Resources */ = {
			isa = PBXResourcesBuildPhase;
			buildActionMask = 2147483647;
			files = (
			);
			runOnlyForDeploymentPostprocessing = 0;
		};
		8A6173921C6AB592003A0092 /* Resources */ = {
			isa = PBXResourcesBuildPhase;
			buildActionMask = 2147483647;
			files = (
				8A6174721C6AC4B5003A0092 /* report.json in Resources */,
			);
			runOnlyForDeploymentPostprocessing = 0;
		};
		8A6174271C6AC1EA003A0092 /* Resources */ = {
			isa = PBXResourcesBuildPhase;
			buildActionMask = 2147483647;
			files = (
			);
			runOnlyForDeploymentPostprocessing = 0;
		};
		8A6174301C6AC1EB003A0092 /* Resources */ = {
			isa = PBXResourcesBuildPhase;
			buildActionMask = 2147483647;
			files = (
				8A6174731C6AC4B6003A0092 /* report.json in Resources */,
			);
			runOnlyForDeploymentPostprocessing = 0;
		};
/* End PBXResourcesBuildPhase section */

/* Begin PBXSourcesBuildPhase section */
		8A6173851C6AB592003A0092 /* Sources */ = {
			isa = PBXSourcesBuildPhase;
			buildActionMask = 2147483647;
			files = (
				8A6174211C6ABF1C003A0092 /* BugsnagSink.m in Sources */,
				8A61741B1C6ABF1C003A0092 /* BugsnagMetaData.m in Sources */,
				8A6174151C6ABF1C003A0092 /* BugsnagConfiguration.m in Sources */,
				8A61741D1C6ABF1C003A0092 /* BugsnagNotifier.m in Sources */,
				8A6174111C6ABF1C003A0092 /* BugsnagBreadcrumb.m in Sources */,
				8A6174131C6ABF1C003A0092 /* BugsnagCollections.m in Sources */,
				8A6174171C6ABF1C003A0092 /* BugsnagCrashReport.m in Sources */,
				8A61740F1C6ABF1C003A0092 /* Bugsnag.m in Sources */,
			);
			runOnlyForDeploymentPostprocessing = 0;
		};
		8A6173901C6AB592003A0092 /* Sources */ = {
			isa = PBXSourcesBuildPhase;
			buildActionMask = 2147483647;
			files = (
				8A6173A81C6AB6E2003A0092 /* BugsnagBreadcrumbsTest.m in Sources */,
				8A6173AA1C6AB6E2003A0092 /* BugsnagSinkTests.m in Sources */,
				8A6173A91C6AB6E2003A0092 /* BugsnagCrashReportTests.m in Sources */,
				8A6173AB1C6AB6E2003A0092 /* BugsnagTests.m in Sources */,
			);
			runOnlyForDeploymentPostprocessing = 0;
		};
		8A6174241C6AC1EA003A0092 /* Sources */ = {
			isa = PBXSourcesBuildPhase;
			buildActionMask = 2147483647;
			files = (
				8A61744C1C6AC26B003A0092 /* BugsnagConfiguration.m in Sources */,
				8A6174561C6AC26B003A0092 /* BugsnagSink.m in Sources */,
				8A6174521C6AC26B003A0092 /* BugsnagNotifier.m in Sources */,
				8A6174481C6AC26B003A0092 /* BugsnagBreadcrumb.m in Sources */,
				8A61744A1C6AC26B003A0092 /* BugsnagCollections.m in Sources */,
				8A61744E1C6AC26B003A0092 /* BugsnagCrashReport.m in Sources */,
				8A6174501C6AC26B003A0092 /* BugsnagMetaData.m in Sources */,
				8A6174461C6AC26B003A0092 /* Bugsnag.m in Sources */,
			);
			runOnlyForDeploymentPostprocessing = 0;
		};
		8A61742E1C6AC1EB003A0092 /* Sources */ = {
			isa = PBXSourcesBuildPhase;
			buildActionMask = 2147483647;
			files = (
				8A6174421C6AC202003A0092 /* BugsnagSinkTests.m in Sources */,
				8A6174401C6AC202003A0092 /* BugsnagBreadcrumbsTest.m in Sources */,
				8A6174411C6AC202003A0092 /* BugsnagCrashReportTests.m in Sources */,
				8A6174431C6AC202003A0092 /* BugsnagTests.m in Sources */,
			);
			runOnlyForDeploymentPostprocessing = 0;
		};
/* End PBXSourcesBuildPhase section */

/* Begin PBXTargetDependency section */
		8A6173971C6AB592003A0092 /* PBXTargetDependency */ = {
			isa = PBXTargetDependency;
			target = 8A6173891C6AB592003A0092 /* BugsnagiOS */;
			targetProxy = 8A6173961C6AB592003A0092 /* PBXContainerItemProxy */;
		};
		8A6174351C6AC1EB003A0092 /* PBXTargetDependency */ = {
			isa = PBXTargetDependency;
			target = 8A6174281C6AC1EA003A0092 /* BugsnagOSX */;
			targetProxy = 8A6174341C6AC1EB003A0092 /* PBXContainerItemProxy */;
		};
/* End PBXTargetDependency section */

/* Begin XCBuildConfiguration section */
		8A61739C1C6AB592003A0092 /* Debug */ = {
			isa = XCBuildConfiguration;
			buildSettings = {
				ALWAYS_SEARCH_USER_PATHS = NO;
				CLANG_CXX_LANGUAGE_STANDARD = "gnu++0x";
				CLANG_CXX_LIBRARY = "libc++";
				CLANG_ENABLE_MODULES = YES;
				CLANG_ENABLE_OBJC_ARC = YES;
				CLANG_WARN_BOOL_CONVERSION = YES;
				CLANG_WARN_CONSTANT_CONVERSION = YES;
				CLANG_WARN_DIRECT_OBJC_ISA_USAGE = YES_ERROR;
				CLANG_WARN_EMPTY_BODY = YES;
				CLANG_WARN_ENUM_CONVERSION = YES;
				CLANG_WARN_INT_CONVERSION = YES;
				CLANG_WARN_OBJC_ROOT_CLASS = YES_ERROR;
				CLANG_WARN_UNREACHABLE_CODE = YES;
				CLANG_WARN__DUPLICATE_METHOD_MATCH = YES;
				"CODE_SIGN_IDENTITY[sdk=iphoneos*]" = "iPhone Developer";
				COPY_PHASE_STRIP = NO;
				CURRENT_PROJECT_VERSION = 1;
				DEBUG_INFORMATION_FORMAT = dwarf;
				ENABLE_STRICT_OBJC_MSGSEND = YES;
				ENABLE_TESTABILITY = YES;
				GCC_C_LANGUAGE_STANDARD = gnu99;
				GCC_DYNAMIC_NO_PIC = NO;
				GCC_NO_COMMON_BLOCKS = YES;
				GCC_OPTIMIZATION_LEVEL = 0;
				GCC_PREPROCESSOR_DEFINITIONS = (
					"DEBUG=1",
					"$(inherited)",
				);
				GCC_WARN_64_TO_32_BIT_CONVERSION = YES;
				GCC_WARN_ABOUT_RETURN_TYPE = YES_ERROR;
				GCC_WARN_UNDECLARED_SELECTOR = YES;
				GCC_WARN_UNINITIALIZED_AUTOS = YES_AGGRESSIVE;
				GCC_WARN_UNUSED_FUNCTION = YES;
				GCC_WARN_UNUSED_VARIABLE = YES;
				IPHONEOS_DEPLOYMENT_TARGET = 9.2;
				MTL_ENABLE_DEBUG_INFO = YES;
				ONLY_ACTIVE_ARCH = YES;
				SDKROOT = iphoneos;
				TARGETED_DEVICE_FAMILY = "1,2";
				VERSIONING_SYSTEM = "apple-generic";
				VERSION_INFO_PREFIX = "";
			};
			name = Debug;
		};
		8A61739D1C6AB592003A0092 /* Release */ = {
			isa = XCBuildConfiguration;
			buildSettings = {
				ALWAYS_SEARCH_USER_PATHS = NO;
				CLANG_CXX_LANGUAGE_STANDARD = "gnu++0x";
				CLANG_CXX_LIBRARY = "libc++";
				CLANG_ENABLE_MODULES = YES;
				CLANG_ENABLE_OBJC_ARC = YES;
				CLANG_WARN_BOOL_CONVERSION = YES;
				CLANG_WARN_CONSTANT_CONVERSION = YES;
				CLANG_WARN_DIRECT_OBJC_ISA_USAGE = YES_ERROR;
				CLANG_WARN_EMPTY_BODY = YES;
				CLANG_WARN_ENUM_CONVERSION = YES;
				CLANG_WARN_INT_CONVERSION = YES;
				CLANG_WARN_OBJC_ROOT_CLASS = YES_ERROR;
				CLANG_WARN_UNREACHABLE_CODE = YES;
				CLANG_WARN__DUPLICATE_METHOD_MATCH = YES;
				"CODE_SIGN_IDENTITY[sdk=iphoneos*]" = "iPhone Developer";
				COPY_PHASE_STRIP = NO;
				CURRENT_PROJECT_VERSION = 1;
				DEBUG_INFORMATION_FORMAT = "dwarf-with-dsym";
				ENABLE_NS_ASSERTIONS = NO;
				ENABLE_STRICT_OBJC_MSGSEND = YES;
				GCC_C_LANGUAGE_STANDARD = gnu99;
				GCC_NO_COMMON_BLOCKS = YES;
				GCC_WARN_64_TO_32_BIT_CONVERSION = YES;
				GCC_WARN_ABOUT_RETURN_TYPE = YES_ERROR;
				GCC_WARN_UNDECLARED_SELECTOR = YES;
				GCC_WARN_UNINITIALIZED_AUTOS = YES_AGGRESSIVE;
				GCC_WARN_UNUSED_FUNCTION = YES;
				GCC_WARN_UNUSED_VARIABLE = YES;
				IPHONEOS_DEPLOYMENT_TARGET = 9.2;
				MTL_ENABLE_DEBUG_INFO = NO;
				SDKROOT = iphoneos;
				TARGETED_DEVICE_FAMILY = "1,2";
				VALIDATE_PRODUCT = YES;
				VERSIONING_SYSTEM = "apple-generic";
				VERSION_INFO_PREFIX = "";
			};
			name = Release;
		};
		8A61739F1C6AB592003A0092 /* Debug */ = {
			isa = XCBuildConfiguration;
			buildSettings = {
				DEFINES_MODULE = YES;
				DYLIB_COMPATIBILITY_VERSION = 1;
				DYLIB_CURRENT_VERSION = 1;
				DYLIB_INSTALL_NAME_BASE = "@rpath";
				INFOPLIST_FILE = iOS/Info.plist;
				INSTALL_PATH = "$(LOCAL_LIBRARY_DIR)/Frameworks";
				LD_RUNPATH_SEARCH_PATHS = "$(inherited) @executable_path/Frameworks @loader_path/Frameworks";
				LIBRARY_SEARCH_PATHS = (
					"$(inherited)",
					"$(PROJECT_DIR)/Carthage/Checkouts/KSCrash/iOS/build/Debug-iphoneos",
				);
				MODULEMAP_FILE = iOS/module.modulemap;
				PRODUCT_BUNDLE_IDENTIFIER = com.bugsnag.Bugsnag;
				PRODUCT_NAME = Bugsnag;
				SKIP_INSTALL = YES;
			};
			name = Debug;
		};
		8A6173A01C6AB592003A0092 /* Release */ = {
			isa = XCBuildConfiguration;
			buildSettings = {
				DEFINES_MODULE = YES;
				DYLIB_COMPATIBILITY_VERSION = 1;
				DYLIB_CURRENT_VERSION = 1;
				DYLIB_INSTALL_NAME_BASE = "@rpath";
				INFOPLIST_FILE = iOS/Info.plist;
				INSTALL_PATH = "$(LOCAL_LIBRARY_DIR)/Frameworks";
				LD_RUNPATH_SEARCH_PATHS = "$(inherited) @executable_path/Frameworks @loader_path/Frameworks";
				LIBRARY_SEARCH_PATHS = (
					"$(inherited)",
					"$(PROJECT_DIR)/Carthage/Checkouts/KSCrash/iOS/build/Debug-iphoneos",
				);
				MODULEMAP_FILE = iOS/module.modulemap;
				PRODUCT_BUNDLE_IDENTIFIER = com.bugsnag.Bugsnag;
				PRODUCT_NAME = Bugsnag;
				SKIP_INSTALL = YES;
			};
			name = Release;
		};
		8A6173A21C6AB592003A0092 /* Debug */ = {
			isa = XCBuildConfiguration;
			buildSettings = {
				INFOPLIST_FILE = Tests/iOS/Info.plist;
				LD_RUNPATH_SEARCH_PATHS = "$(inherited) @executable_path/Frameworks @loader_path/Frameworks";
				PRODUCT_BUNDLE_IDENTIFIER = com.bugsnag.BugsnagTests;
				PRODUCT_NAME = "$(TARGET_NAME)";
			};
			name = Debug;
		};
		8A6173A31C6AB592003A0092 /* Release */ = {
			isa = XCBuildConfiguration;
			buildSettings = {
				INFOPLIST_FILE = Tests/iOS/Info.plist;
				LD_RUNPATH_SEARCH_PATHS = "$(inherited) @executable_path/Frameworks @loader_path/Frameworks";
				PRODUCT_BUNDLE_IDENTIFIER = com.bugsnag.BugsnagTests;
				PRODUCT_NAME = "$(TARGET_NAME)";
			};
			name = Release;
		};
		8A61743B1C6AC1EB003A0092 /* Debug */ = {
			isa = XCBuildConfiguration;
			buildSettings = {
				CODE_SIGN_IDENTITY = "-";
				COMBINE_HIDPI_IMAGES = YES;
				DEFINES_MODULE = YES;
				DYLIB_COMPATIBILITY_VERSION = 1;
				DYLIB_CURRENT_VERSION = 1;
				DYLIB_INSTALL_NAME_BASE = "@rpath";
				FRAMEWORK_VERSION = A;
				INFOPLIST_FILE = OSX/Info.plist;
				INSTALL_PATH = "$(LOCAL_LIBRARY_DIR)/Frameworks";
				LD_RUNPATH_SEARCH_PATHS = "$(inherited) @executable_path/../Frameworks @loader_path/Frameworks";
				LIBRARY_SEARCH_PATHS = (
					"$(inherited)",
					"$(PROJECT_DIR)/Carthage/Checkouts/KSCrash/Mac/build/Debug",
				);
				MACOSX_DEPLOYMENT_TARGET = 10.11;
				MODULEMAP_FILE = OSX/module.modulemap;
				PRODUCT_BUNDLE_IDENTIFIER = com.bugsnag.BugsnagOSX;
				PRODUCT_NAME = "$(TARGET_NAME)";
				SDKROOT = macosx;
				SKIP_INSTALL = YES;
			};
			name = Debug;
		};
		8A61743C1C6AC1EB003A0092 /* Release */ = {
			isa = XCBuildConfiguration;
			buildSettings = {
				CODE_SIGN_IDENTITY = "-";
				COMBINE_HIDPI_IMAGES = YES;
				DEFINES_MODULE = YES;
				DYLIB_COMPATIBILITY_VERSION = 1;
				DYLIB_CURRENT_VERSION = 1;
				DYLIB_INSTALL_NAME_BASE = "@rpath";
				FRAMEWORK_VERSION = A;
				INFOPLIST_FILE = OSX/Info.plist;
				INSTALL_PATH = "$(LOCAL_LIBRARY_DIR)/Frameworks";
				LD_RUNPATH_SEARCH_PATHS = "$(inherited) @executable_path/../Frameworks @loader_path/Frameworks";
				LIBRARY_SEARCH_PATHS = (
					"$(inherited)",
					"$(PROJECT_DIR)/Carthage/Checkouts/KSCrash/Mac/build/Debug",
				);
				MACOSX_DEPLOYMENT_TARGET = 10.11;
				MODULEMAP_FILE = OSX/module.modulemap;
				PRODUCT_BUNDLE_IDENTIFIER = com.bugsnag.BugsnagOSX;
				PRODUCT_NAME = "$(TARGET_NAME)";
				SDKROOT = macosx;
				SKIP_INSTALL = YES;
			};
			name = Release;
		};
		8A61743E1C6AC1EB003A0092 /* Debug */ = {
			isa = XCBuildConfiguration;
			buildSettings = {
				CODE_SIGN_IDENTITY = "-";
				COMBINE_HIDPI_IMAGES = YES;
				INFOPLIST_FILE = Tests/OSX/Info.plist;
				LD_RUNPATH_SEARCH_PATHS = "$(inherited) @executable_path/../Frameworks @loader_path/../Frameworks";
				MACOSX_DEPLOYMENT_TARGET = 10.11;
				PRODUCT_BUNDLE_IDENTIFIER = com.bugsnag.BugsnagOSXTests;
				PRODUCT_NAME = "$(TARGET_NAME)";
				SDKROOT = macosx;
			};
			name = Debug;
		};
		8A61743F1C6AC1EB003A0092 /* Release */ = {
			isa = XCBuildConfiguration;
			buildSettings = {
				CODE_SIGN_IDENTITY = "-";
				COMBINE_HIDPI_IMAGES = YES;
				INFOPLIST_FILE = Tests/OSX/Info.plist;
				LD_RUNPATH_SEARCH_PATHS = "$(inherited) @executable_path/../Frameworks @loader_path/../Frameworks";
				MACOSX_DEPLOYMENT_TARGET = 10.11;
				PRODUCT_BUNDLE_IDENTIFIER = com.bugsnag.BugsnagOSXTests;
				PRODUCT_NAME = "$(TARGET_NAME)";
				SDKROOT = macosx;
			};
			name = Release;
		};
/* End XCBuildConfiguration section */

/* Begin XCConfigurationList section */
		8A6173841C6AB592003A0092 /* Build configuration list for PBXProject "Bugsnag" */ = {
			isa = XCConfigurationList;
			buildConfigurations = (
				8A61739C1C6AB592003A0092 /* Debug */,
				8A61739D1C6AB592003A0092 /* Release */,
			);
			defaultConfigurationIsVisible = 0;
			defaultConfigurationName = Release;
		};
		8A61739E1C6AB592003A0092 /* Build configuration list for PBXNativeTarget "BugsnagiOS" */ = {
			isa = XCConfigurationList;
			buildConfigurations = (
				8A61739F1C6AB592003A0092 /* Debug */,
				8A6173A01C6AB592003A0092 /* Release */,
			);
			defaultConfigurationIsVisible = 0;
			defaultConfigurationName = Release;
		};
		8A6173A11C6AB592003A0092 /* Build configuration list for PBXNativeTarget "BugsnagTests" */ = {
			isa = XCConfigurationList;
			buildConfigurations = (
				8A6173A21C6AB592003A0092 /* Debug */,
				8A6173A31C6AB592003A0092 /* Release */,
			);
			defaultConfigurationIsVisible = 0;
			defaultConfigurationName = Release;
		};
		8A61743A1C6AC1EB003A0092 /* Build configuration list for PBXNativeTarget "BugsnagOSX" */ = {
			isa = XCConfigurationList;
			buildConfigurations = (
				8A61743B1C6AC1EB003A0092 /* Debug */,
				8A61743C1C6AC1EB003A0092 /* Release */,
			);
			defaultConfigurationIsVisible = 0;
			defaultConfigurationName = Release;
		};
		8A61743D1C6AC1EB003A0092 /* Build configuration list for PBXNativeTarget "BugsnagOSXTests" */ = {
			isa = XCConfigurationList;
			buildConfigurations = (
				8A61743E1C6AC1EB003A0092 /* Debug */,
				8A61743F1C6AC1EB003A0092 /* Release */,
			);
			defaultConfigurationIsVisible = 0;
			defaultConfigurationName = Release;
		};
/* End XCConfigurationList section */
	};
	rootObject = 8A6173811C6AB592003A0092 /* Project object */;
}
